// !$*UTF8*$!
{
	archiveVersion = 1;
	classes = {
	};
	objectVersion = 50;
	objects = {

/* Begin PBXBuildFile section */
		1CE2F70555C398010406EBCE /* libPods-iOSComponentProjrect.a in Frameworks */ = {isa = PBXBuildFile; fileRef = F3FD940C772A842B4723E580 /* libPods-iOSComponentProjrect.a */; };
		8F138A5A223B3E9600D04D18 /* 导航栏渐变.md in Resources */ = {isa = PBXBuildFile; fileRef = 8F138A59223B3E9600D04D18 /* 导航栏渐变.md */; };
		8F3878AF2254A2FA00F1A70B /* UIView+WGAnimation.m in Sources */ = {isa = PBXBuildFile; fileRef = 8F3878AE2254A2FA00F1A70B /* UIView+WGAnimation.m */; };
		8F48463021AF70930064E21D /* libsqlite3.0.tbd in Frameworks */ = {isa = PBXBuildFile; fileRef = 8F48462F21AF70930064E21D /* libsqlite3.0.tbd */; };
		8F48463421AF72000064E21D /* WGDataBaseTool.m in Sources */ = {isa = PBXBuildFile; fileRef = 8F48463321AF72000064E21D /* WGDataBaseTool.m */; };
		8F48463721AF748A0064E21D /* IMHAFttpTool.m in Sources */ = {isa = PBXBuildFile; fileRef = 8F48463621AF748A0064E21D /* IMHAFttpTool.m */; };
		8F48463C21AFD0B80064E21D /* success@2x.png in Resources */ = {isa = PBXBuildFile; fileRef = 8F48463921AFD0B80064E21D /* success@2x.png */; };
		8F48463D21AFD0B80064E21D /* success.png in Resources */ = {isa = PBXBuildFile; fileRef = 8F48463A21AFD0B80064E21D /* success.png */; };
		8F48463E21AFD0B80064E21D /* success@3x.png in Resources */ = {isa = PBXBuildFile; fileRef = 8F48463B21AFD0B80064E21D /* success@3x.png */; };
		8F48464221AFD0C00064E21D /* info@2x.png in Resources */ = {isa = PBXBuildFile; fileRef = 8F48463F21AFD0C00064E21D /* info@2x.png */; };
		8F48464321AFD0C00064E21D /* info.png in Resources */ = {isa = PBXBuildFile; fileRef = 8F48464021AFD0C00064E21D /* info.png */; };
		8F48464421AFD0C00064E21D /* info@3x.png in Resources */ = {isa = PBXBuildFile; fileRef = 8F48464121AFD0C00064E21D /* info@3x.png */; };
		8F48464821AFD0C70064E21D /* error@3x.png in Resources */ = {isa = PBXBuildFile; fileRef = 8F48464521AFD0C60064E21D /* error@3x.png */; };
		8F48464921AFD0C70064E21D /* error@2x.png in Resources */ = {isa = PBXBuildFile; fileRef = 8F48464621AFD0C60064E21D /* error@2x.png */; };
		8F48464A21AFD0C70064E21D /* error.png in Resources */ = {isa = PBXBuildFile; fileRef = 8F48464721AFD0C70064E21D /* error.png */; };
		8F4F071C224A0B2400F1B3FE /* WGScanViewController.m in Sources */ = {isa = PBXBuildFile; fileRef = 8F4F071B224A0B2400F1B3FE /* WGScanViewController.m */; };
		8F7F9B5E2243976400661DDE /* WGScanView.m in Sources */ = {isa = PBXBuildFile; fileRef = 8F7F9B5B2243976300661DDE /* WGScanView.m */; };
		8F7F9B5F2243976400661DDE /* WGNativeScanTool.m in Sources */ = {isa = PBXBuildFile; fileRef = 8F7F9B5C2243976300661DDE /* WGNativeScanTool.m */; };
		8F89438521AD46B700666DD8 /* MBProgressHUD+WG.m in Sources */ = {isa = PBXBuildFile; fileRef = 8F89438421AD46B700666DD8 /* MBProgressHUD+WG.m */; };
		8F89AF5E21A54C1800A811F9 /* AppDelegate.m in Sources */ = {isa = PBXBuildFile; fileRef = 8F89AF5D21A54C1800A811F9 /* AppDelegate.m */; };
		8F89AF6121A54C1800A811F9 /* ViewController.m in Sources */ = {isa = PBXBuildFile; fileRef = 8F89AF6021A54C1800A811F9 /* ViewController.m */; };
		8F89AF6421A54C1800A811F9 /* Main.storyboard in Resources */ = {isa = PBXBuildFile; fileRef = 8F89AF6221A54C1800A811F9 /* Main.storyboard */; };
		8F89AF6621A54C1900A811F9 /* Assets.xcassets in Resources */ = {isa = PBXBuildFile; fileRef = 8F89AF6521A54C1900A811F9 /* Assets.xcassets */; };
		8F89AF6921A54C1900A811F9 /* LaunchScreen.storyboard in Resources */ = {isa = PBXBuildFile; fileRef = 8F89AF6721A54C1900A811F9 /* LaunchScreen.storyboard */; };
		8F89AF6C21A54C1900A811F9 /* main.m in Sources */ = {isa = PBXBuildFile; fileRef = 8F89AF6B21A54C1900A811F9 /* main.m */; };
		8F89AF7A21A54C8600A811F9 /* WGDatePickerView.m in Sources */ = {isa = PBXBuildFile; fileRef = 8F89AF7521A54C8500A811F9 /* WGDatePickerView.m */; };
		8F89AF7B21A54C8600A811F9 /* UIView+Extension.m in Sources */ = {isa = PBXBuildFile; fileRef = 8F89AF7721A54C8500A811F9 /* UIView+Extension.m */; };
		8F89AF7C21A54C8600A811F9 /* NSDate+Extension.m in Sources */ = {isa = PBXBuildFile; fileRef = 8F89AF7821A54C8500A811F9 /* NSDate+Extension.m */; };
		8F89AF7D21A54C8600A811F9 /* WGDatePickerView.xib in Resources */ = {isa = PBXBuildFile; fileRef = 8F89AF7921A54C8500A811F9 /* WGDatePickerView.xib */; };
		8F89AF8221A54F3500A811F9 /* WGPromptBoxView.m in Sources */ = {isa = PBXBuildFile; fileRef = 8F89AF8121A54F3500A811F9 /* WGPromptBoxView.m */; };
		8F89AF8621A5507A00A811F9 /* UIViewController+Update.m in Sources */ = {isa = PBXBuildFile; fileRef = 8F89AF8521A5507A00A811F9 /* UIViewController+Update.m */; };
		8F89AF8D21A554E600A811F9 /* WGOutPutView.m in Sources */ = {isa = PBXBuildFile; fileRef = 8F89AF8C21A554E600A811F9 /* WGOutPutView.m */; };
		8F8CE00721ABA51E004B7D1D /* UIImage+GradientColor.m in Sources */ = {isa = PBXBuildFile; fileRef = 8F8CE00621ABA51E004B7D1D /* UIImage+GradientColor.m */; };
		8F8CE00A21ABA598004B7D1D /* UIImage+WGExpand.m in Sources */ = {isa = PBXBuildFile; fileRef = 8F8CE00921ABA598004B7D1D /* UIImage+WGExpand.m */; };
		8F8CE00D21ABEC17004B7D1D /* WGGradientLabel.m in Sources */ = {isa = PBXBuildFile; fileRef = 8F8CE00C21ABEC17004B7D1D /* WGGradientLabel.m */; };
		8F9165502255A2480061E6B5 /* WGGuideView.m in Sources */ = {isa = PBXBuildFile; fileRef = 8F91654F2255A2480061E6B5 /* WGGuideView.m */; };
		8F91E6B3224E1BDC0034E8BE /* WGImageCroppingVC.m in Sources */ = {isa = PBXBuildFile; fileRef = 8F91E6B2224E1BDC0034E8BE /* WGImageCroppingVC.m */; };
		8F94A7E92251E4F60056142A /* WGSeePhotosVC.m in Sources */ = {isa = PBXBuildFile; fileRef = 8F94A7E82251E4F60056142A /* WGSeePhotosVC.m */; };
		8F972C82224B16C100F03621 /* WGOtherViewController.m in Sources */ = {isa = PBXBuildFile; fileRef = 8F972C81224B16C100F03621 /* WGOtherViewController.m */; };
		8F972C85224B174B00F03621 /* UIViewController+BaseViewController.m in Sources */ = {isa = PBXBuildFile; fileRef = 8F972C83224B174B00F03621 /* UIViewController+BaseViewController.m */; };
		8F972C88224B17C000F03621 /* WGTabbar.m in Sources */ = {isa = PBXBuildFile; fileRef = 8F972C86224B17C000F03621 /* WGTabbar.m */; };
		8F972C8C224B1E5F00F03621 /* WGTag.m in Sources */ = {isa = PBXBuildFile; fileRef = 8F972C8B224B1E5F00F03621 /* WGTag.m */; };
		8F972C8F224B1EB400F03621 /* WGTagButton.m in Sources */ = {isa = PBXBuildFile; fileRef = 8F972C8E224B1EB400F03621 /* WGTagButton.m */; };
		8F972C92224B1EFB00F03621 /* WGTagView.m in Sources */ = {isa = PBXBuildFile; fileRef = 8F972C91224B1EFB00F03621 /* WGTagView.m */; };
		8F972C96224B20AD00F03621 /* WGTagButtonVC.m in Sources */ = {isa = PBXBuildFile; fileRef = 8F972C95224B20AD00F03621 /* WGTagButtonVC.m */; };
		8F972C99224B650200F03621 /* WGSearchController.m in Sources */ = {isa = PBXBuildFile; fileRef = 8F972C98224B650200F03621 /* WGSearchController.m */; };
		8F972C9C224B68E500F03621 /* WGNavSearchBar.m in Sources */ = {isa = PBXBuildFile; fileRef = 8F972C9B224B68E500F03621 /* WGNavSearchBar.m */; };
		8FA8E32021B0CAF00099F088 /* IMHTopSegmetControl.m in Sources */ = {isa = PBXBuildFile; fileRef = 8FA8E31F21B0CAF00099F088 /* IMHTopSegmetControl.m */; };
		8FA8E32621B0CB0E0099F088 /* WGSearchBarView.m in Sources */ = {isa = PBXBuildFile; fileRef = 8FA8E32221B0CB0D0099F088 /* WGSearchBarView.m */; };
		8FA8E32721B0CB0E0099F088 /* WGSearchBar.m in Sources */ = {isa = PBXBuildFile; fileRef = 8FA8E32521B0CB0E0099F088 /* WGSearchBar.m */; };
		8FA8E32B21B0CB940099F088 /* WGEraseToolbar.m in Sources */ = {isa = PBXBuildFile; fileRef = 8FA8E32A21B0CB940099F088 /* WGEraseToolbar.m */; };
		8FA8E33721B0CC0E0099F088 /* WGAddressTableViewcell.m in Sources */ = {isa = PBXBuildFile; fileRef = 8FA8E33121B0CC0E0099F088 /* WGAddressTableViewcell.m */; };
		8FA8E33821B0CC0E0099F088 /* btn_check@2x.png in Resources */ = {isa = PBXBuildFile; fileRef = 8FA8E33221B0CC0E0099F088 /* btn_check@2x.png */; };
		8FA8E33921B0CC0E0099F088 /* AreaSelectionView.m in Sources */ = {isa = PBXBuildFile; fileRef = 8FA8E33321B0CC0E0099F088 /* AreaSelectionView.m */; };
		8FA8E33A21B0CC0E0099F088 /* btn_check@3x.png in Resources */ = {isa = PBXBuildFile; fileRef = 8FA8E33421B0CC0E0099F088 /* btn_check@3x.png */; };
		8FA8E33B21B0CC0E0099F088 /* WGAddressBtnView.m in Sources */ = {isa = PBXBuildFile; fileRef = 8FA8E33521B0CC0E0099F088 /* WGAddressBtnView.m */; };
		8FA8E33C21B0CC0E0099F088 /* WGAddressModel.m in Sources */ = {isa = PBXBuildFile; fileRef = 8FA8E33621B0CC0E0099F088 /* WGAddressModel.m */; };
		8FA8E34021B0CE5D0099F088 /* NSString+WGFrame.m in Sources */ = {isa = PBXBuildFile; fileRef = 8FA8E33F21B0CE5D0099F088 /* NSString+WGFrame.m */; };
		8FA8E34B21B0E8020099F088 /* UIImage+Tint.m in Sources */ = {isa = PBXBuildFile; fileRef = 8FA8E34221B0E8020099F088 /* UIImage+Tint.m */; };
		8FA8E34D21B0E8020099F088 /* backgroundStar.png in Resources */ = {isa = PBXBuildFile; fileRef = 8FA8E34521B0E8020099F088 /* backgroundStar.png */; };
		8FA8E34E21B0E8020099F088 /* foregroundStar.png in Resources */ = {isa = PBXBuildFile; fileRef = 8FA8E34621B0E8020099F088 /* foregroundStar.png */; };
		8FA8E35021B0E8020099F088 /* SYStarRatingView.m in Sources */ = {isa = PBXBuildFile; fileRef = 8FA8E34921B0E8020099F088 /* SYStarRatingView.m */; };
		8FA8E35421B110FA0099F088 /* NSObject+WGRemoveKVO.m in Sources */ = {isa = PBXBuildFile; fileRef = 8FA8E35221B110FA0099F088 /* NSObject+WGRemoveKVO.m */; };
		8FA8E35F21B113470099F088 /* deleteFlowWindow.png in Resources */ = {isa = PBXBuildFile; fileRef = 8FA8E35621B113460099F088 /* deleteFlowWindow.png */; };
		8FA8E36021B113470099F088 /* XHFloatWindow.m in Sources */ = {isa = PBXBuildFile; fileRef = 8FA8E35821B113460099F088 /* XHFloatWindow.m */; };
		8FA8E36121B113470099F088 /* XHDraggableButton.m in Sources */ = {isa = PBXBuildFile; fileRef = 8FA8E35921B113470099F088 /* XHDraggableButton.m */; };
		8FA8E36221B113470099F088 /* XHFloatWindowController.m in Sources */ = {isa = PBXBuildFile; fileRef = 8FA8E35C21B113470099F088 /* XHFloatWindowController.m */; };
		8FA8E36321B113470099F088 /* XHFloatWindowSingleton.m in Sources */ = {isa = PBXBuildFile; fileRef = 8FA8E35D21B113470099F088 /* XHFloatWindowSingleton.m */; };
		8FA8E36921B12D650099F088 /* UIViewController+NavBarHidden.m in Sources */ = {isa = PBXBuildFile; fileRef = 8FA8E36621B12D650099F088 /* UIViewController+NavBarHidden.m */; };
		8FA8E36A21B12D650099F088 /* HYViewController.m in Sources */ = {isa = PBXBuildFile; fileRef = 8FA8E36721B12D650099F088 /* HYViewController.m */; };
		8FA8E37021B12D770099F088 /* ChooseRank.m in Sources */ = {isa = PBXBuildFile; fileRef = 8FA8E36E21B12D770099F088 /* ChooseRank.m */; };
		8FA8E37121B12D770099F088 /* ChooseView.m in Sources */ = {isa = PBXBuildFile; fileRef = 8FA8E36F21B12D770099F088 /* ChooseView.m */; };
		8FA8E37721B12F4D0099F088 /* WGVerCodeInputView.m in Sources */ = {isa = PBXBuildFile; fileRef = 8FA8E37421B12F4D0099F088 /* WGVerCodeInputView.m */; };
		8FA8E37821B12F4D0099F088 /* UIView+MQ.m in Sources */ = {isa = PBXBuildFile; fileRef = 8FA8E37521B12F4D0099F088 /* UIView+MQ.m */; };
		8FA8E37E21B1351E0099F088 /* BadgeView.m in Sources */ = {isa = PBXBuildFile; fileRef = 8FA8E37B21B1351D0099F088 /* BadgeView.m */; };
		8FA8E37F21B1351E0099F088 /* UITabBar+Badge.m in Sources */ = {isa = PBXBuildFile; fileRef = 8FA8E37C21B1351E0099F088 /* UITabBar+Badge.m */; };
		8FA8E38121B136530099F088 /* 渐变色.md in Resources */ = {isa = PBXBuildFile; fileRef = 8FA8E38021B136530099F088 /* 渐变色.md */; };
		8FA8E38321B1370B0099F088 /* MBP.md in Resources */ = {isa = PBXBuildFile; fileRef = 8FA8E38221B1370B0099F088 /* MBP.md */; };
		8FA8E38521B137D20099F088 /* 验证码输入.md in Resources */ = {isa = PBXBuildFile; fileRef = 8FA8E38421B137D10099F088 /* 验证码输入.md */; };
		8FA8E38721B13B110099F088 /* 消息提醒.md in Resources */ = {isa = PBXBuildFile; fileRef = 8FA8E38621B13B110099F088 /* 消息提醒.md */; };
		8FC4A26A2248CDFC00BAD4F5 /* WGScoreViewController.m in Sources */ = {isa = PBXBuildFile; fileRef = 8FC4A2692248CDFC00BAD4F5 /* WGScoreViewController.m */; };
		8FC4A26E2248CE7B00BAD4F5 /* WGQrCodeViewController.m in Sources */ = {isa = PBXBuildFile; fileRef = 8FC4A26D2248CE7B00BAD4F5 /* WGQrCodeViewController.m */; };
		8FC4A2722248CEFF00BAD4F5 /* WGPasswordVerificationCodeVC.m in Sources */ = {isa = PBXBuildFile; fileRef = 8FC4A2712248CEFF00BAD4F5 /* WGPasswordVerificationCodeVC.m */; };
		8FDAB8FE224C6AA000C38B0E /* IDInfoViewController.xib in Resources */ = {isa = PBXBuildFile; fileRef = 8FDAB8F0224C6A9E00C38B0E /* IDInfoViewController.xib */; };
		8FDAB8FF224C6AA000C38B0E /* AVCaptureViewController.m in Sources */ = {isa = PBXBuildFile; fileRef = 8FDAB8F1224C6A9E00C38B0E /* AVCaptureViewController.m */; };
		8FDAB900224C6AA000C38B0E /* UIAlertController+Extend.m in Sources */ = {isa = PBXBuildFile; fileRef = 8FDAB8F2224C6A9E00C38B0E /* UIAlertController+Extend.m */; };
		8FDAB901224C6AA000C38B0E /* IDInfoViewController.m in Sources */ = {isa = PBXBuildFile; fileRef = 8FDAB8F3224C6A9F00C38B0E /* IDInfoViewController.m */; };
		8FDAB902224C6AA000C38B0E /* RectManager.m in Sources */ = {isa = PBXBuildFile; fileRef = 8FDAB8F4224C6A9F00C38B0E /* RectManager.m */; };
		8FDAB903224C6AA000C38B0E /* UIImage+Extend.m in Sources */ = {isa = PBXBuildFile; fileRef = 8FDAB8F6224C6A9F00C38B0E /* UIImage+Extend.m */; };
		8FDAB904224C6AA000C38B0E /* LHSIDCardScaningView.m in Sources */ = {isa = PBXBuildFile; fileRef = 8FDAB8F8224C6A9F00C38B0E /* LHSIDCardScaningView.m */; };
		8FDAB905224C6AA000C38B0E /* IDInfo.m in Sources */ = {isa = PBXBuildFile; fileRef = 8FDAB8FB224C6AA000C38B0E /* IDInfo.m */; };
		8FDAB908224C6B5D00C38B0E /* WGIdentificationVC.m in Sources */ = {isa = PBXBuildFile; fileRef = 8FDAB907224C6B5D00C38B0E /* WGIdentificationVC.m */; };
		8FDAB90F224C6BBF00C38B0E /* libexidcardios.a in Frameworks */ = {isa = PBXBuildFile; fileRef = 8FDAB90A224C6BBF00C38B0E /* libexidcardios.a */; settings = {ATTRIBUTES = (Required, ); }; };
		8FDAB910224C6BBF00C38B0E /* zocr0.lib in Resources */ = {isa = PBXBuildFile; fileRef = 8FDAB90C224C6BBF00C38B0E /* zocr0.lib */; };
		8FDAB914224C782E00C38B0E /* WGMoreImageVC.m in Sources */ = {isa = PBXBuildFile; fileRef = 8FDAB913224C782E00C38B0E /* WGMoreImageVC.m */; };
		8FDAB917224C7C0000C38B0E /* WGImageItem.m in Sources */ = {isa = PBXBuildFile; fileRef = 8FDAB916224C7C0000C38B0E /* WGImageItem.m */; };
		8FDAB91D224CBA6B00C38B0E /* WGTackImgaeView.m in Sources */ = {isa = PBXBuildFile; fileRef = 8FDAB919224CBA6A00C38B0E /* WGTackImgaeView.m */; };
		8FDAB91E224CBA6B00C38B0E /* WGCropImageVC.m in Sources */ = {isa = PBXBuildFile; fileRef = 8FDAB91B224CBA6B00C38B0E /* WGCropImageVC.m */; };
		8FF86A8E21A6ABB800C95EA4 /* NSString+WGPinYin.m in Sources */ = {isa = PBXBuildFile; fileRef = 8FF86A8D21A6ABB800C95EA4 /* NSString+WGPinYin.m */; };
		8FF86A9121A6ACAD00C95EA4 /* WGPinYinModel.m in Sources */ = {isa = PBXBuildFile; fileRef = 8FF86A9021A6ACAD00C95EA4 /* WGPinYinModel.m */; };
		8FF86A9421A6AD3C00C95EA4 /* NSString+WGExpand.m in Sources */ = {isa = PBXBuildFile; fileRef = 8FF86A9321A6AD3C00C95EA4 /* NSString+WGExpand.m */; };
/* End PBXBuildFile section */

/* Begin PBXFileReference section */
		3815F53DDDB3C7E3F5170AD8 /* Pods-iOSComponentProjrect.debug.xcconfig */ = {isa = PBXFileReference; includeInIndex = 1; lastKnownFileType = text.xcconfig; name = "Pods-iOSComponentProjrect.debug.xcconfig"; path = "Pods/Target Support Files/Pods-iOSComponentProjrect/Pods-iOSComponentProjrect.debug.xcconfig"; sourceTree = "<group>"; };
		8F138A59223B3E9600D04D18 /* 导航栏渐变.md */ = {isa = PBXFileReference; fileEncoding = 4; lastKnownFileType = net.daringfireball.markdown; path = "导航栏渐变.md"; sourceTree = "<group>"; };
		8F3878AD2254A2FA00F1A70B /* UIView+WGAnimation.h */ = {isa = PBXFileReference; lastKnownFileType = sourcecode.c.h; path = "UIView+WGAnimation.h"; sourceTree = "<group>"; };
		8F3878AE2254A2FA00F1A70B /* UIView+WGAnimation.m */ = {isa = PBXFileReference; lastKnownFileType = sourcecode.c.objc; path = "UIView+WGAnimation.m"; sourceTree = "<group>"; };
		8F48462F21AF70930064E21D /* libsqlite3.0.tbd */ = {isa = PBXFileReference; lastKnownFileType = "sourcecode.text-based-dylib-definition"; name = libsqlite3.0.tbd; path = usr/lib/libsqlite3.0.tbd; sourceTree = SDKROOT; };
		8F48463121AF72000064E21D /* DataBaseFile.h */ = {isa = PBXFileReference; fileEncoding = 4; lastKnownFileType = sourcecode.c.h; path = DataBaseFile.h; sourceTree = "<group>"; };
		8F48463221AF72000064E21D /* WGDataBaseTool.h */ = {isa = PBXFileReference; fileEncoding = 4; lastKnownFileType = sourcecode.c.h; path = WGDataBaseTool.h; sourceTree = "<group>"; };
		8F48463321AF72000064E21D /* WGDataBaseTool.m */ = {isa = PBXFileReference; fileEncoding = 4; lastKnownFileType = sourcecode.c.objc; path = WGDataBaseTool.m; sourceTree = "<group>"; };
		8F48463521AF748A0064E21D /* IMHAFttpTool.h */ = {isa = PBXFileReference; fileEncoding = 4; lastKnownFileType = sourcecode.c.h; path = IMHAFttpTool.h; sourceTree = "<group>"; };
		8F48463621AF748A0064E21D /* IMHAFttpTool.m */ = {isa = PBXFileReference; fileEncoding = 4; lastKnownFileType = sourcecode.c.objc; path = IMHAFttpTool.m; sourceTree = "<group>"; };
		8F48463921AFD0B80064E21D /* success@2x.png */ = {isa = PBXFileReference; lastKnownFileType = image.png; path = "success@2x.png"; sourceTree = "<group>"; };
		8F48463A21AFD0B80064E21D /* success.png */ = {isa = PBXFileReference; lastKnownFileType = image.png; path = success.png; sourceTree = "<group>"; };
		8F48463B21AFD0B80064E21D /* success@3x.png */ = {isa = PBXFileReference; lastKnownFileType = image.png; path = "success@3x.png"; sourceTree = "<group>"; };
		8F48463F21AFD0C00064E21D /* info@2x.png */ = {isa = PBXFileReference; lastKnownFileType = image.png; path = "info@2x.png"; sourceTree = "<group>"; };
		8F48464021AFD0C00064E21D /* info.png */ = {isa = PBXFileReference; lastKnownFileType = image.png; path = info.png; sourceTree = "<group>"; };
		8F48464121AFD0C00064E21D /* info@3x.png */ = {isa = PBXFileReference; lastKnownFileType = image.png; path = "info@3x.png"; sourceTree = "<group>"; };
		8F48464521AFD0C60064E21D /* error@3x.png */ = {isa = PBXFileReference; lastKnownFileType = image.png; path = "error@3x.png"; sourceTree = "<group>"; };
		8F48464621AFD0C60064E21D /* error@2x.png */ = {isa = PBXFileReference; lastKnownFileType = image.png; path = "error@2x.png"; sourceTree = "<group>"; };
		8F48464721AFD0C70064E21D /* error.png */ = {isa = PBXFileReference; lastKnownFileType = image.png; path = error.png; sourceTree = "<group>"; };
		8F4F071A224A0B2400F1B3FE /* WGScanViewController.h */ = {isa = PBXFileReference; lastKnownFileType = sourcecode.c.h; path = WGScanViewController.h; sourceTree = "<group>"; };
		8F4F071B224A0B2400F1B3FE /* WGScanViewController.m */ = {isa = PBXFileReference; lastKnownFileType = sourcecode.c.objc; path = WGScanViewController.m; sourceTree = "<group>"; };
		8F7F9B5A2243976300661DDE /* WGScanView.h */ = {isa = PBXFileReference; fileEncoding = 4; lastKnownFileType = sourcecode.c.h; path = WGScanView.h; sourceTree = "<group>"; };
		8F7F9B5B2243976300661DDE /* WGScanView.m */ = {isa = PBXFileReference; fileEncoding = 4; lastKnownFileType = sourcecode.c.objc; path = WGScanView.m; sourceTree = "<group>"; };
		8F7F9B5C2243976300661DDE /* WGNativeScanTool.m */ = {isa = PBXFileReference; fileEncoding = 4; lastKnownFileType = sourcecode.c.objc; path = WGNativeScanTool.m; sourceTree = "<group>"; };
		8F7F9B5D2243976400661DDE /* WGNativeScanTool.h */ = {isa = PBXFileReference; fileEncoding = 4; lastKnownFileType = sourcecode.c.h; path = WGNativeScanTool.h; sourceTree = "<group>"; };
		8F89438121AD44EF00666DD8 /* Config.h */ = {isa = PBXFileReference; lastKnownFileType = sourcecode.c.h; path = Config.h; sourceTree = "<group>"; };
		8F89438321AD46B700666DD8 /* MBProgressHUD+WG.h */ = {isa = PBXFileReference; lastKnownFileType = sourcecode.c.h; path = "MBProgressHUD+WG.h"; sourceTree = "<group>"; };
		8F89438421AD46B700666DD8 /* MBProgressHUD+WG.m */ = {isa = PBXFileReference; lastKnownFileType = sourcecode.c.objc; path = "MBProgressHUD+WG.m"; sourceTree = "<group>"; };
		8F89AF5921A54C1800A811F9 /* iOSComponentProjrect.app */ = {isa = PBXFileReference; explicitFileType = wrapper.application; includeInIndex = 0; path = iOSComponentProjrect.app; sourceTree = BUILT_PRODUCTS_DIR; };
		8F89AF5C21A54C1800A811F9 /* AppDelegate.h */ = {isa = PBXFileReference; lastKnownFileType = sourcecode.c.h; path = AppDelegate.h; sourceTree = "<group>"; };
		8F89AF5D21A54C1800A811F9 /* AppDelegate.m */ = {isa = PBXFileReference; lastKnownFileType = sourcecode.c.objc; path = AppDelegate.m; sourceTree = "<group>"; };
		8F89AF5F21A54C1800A811F9 /* ViewController.h */ = {isa = PBXFileReference; lastKnownFileType = sourcecode.c.h; path = ViewController.h; sourceTree = "<group>"; };
		8F89AF6021A54C1800A811F9 /* ViewController.m */ = {isa = PBXFileReference; lastKnownFileType = sourcecode.c.objc; path = ViewController.m; sourceTree = "<group>"; };
		8F89AF6321A54C1800A811F9 /* Base */ = {isa = PBXFileReference; lastKnownFileType = file.storyboard; name = Base; path = Base.lproj/Main.storyboard; sourceTree = "<group>"; };
		8F89AF6521A54C1900A811F9 /* Assets.xcassets */ = {isa = PBXFileReference; lastKnownFileType = folder.assetcatalog; path = Assets.xcassets; sourceTree = "<group>"; };
		8F89AF6821A54C1900A811F9 /* Base */ = {isa = PBXFileReference; lastKnownFileType = file.storyboard; name = Base; path = Base.lproj/LaunchScreen.storyboard; sourceTree = "<group>"; };
		8F89AF6A21A54C1900A811F9 /* Info.plist */ = {isa = PBXFileReference; lastKnownFileType = text.plist.xml; path = Info.plist; sourceTree = "<group>"; };
		8F89AF6B21A54C1900A811F9 /* main.m */ = {isa = PBXFileReference; lastKnownFileType = sourcecode.c.objc; path = main.m; sourceTree = "<group>"; };
		8F89AF7321A54C8500A811F9 /* UIView+Extension.h */ = {isa = PBXFileReference; fileEncoding = 4; lastKnownFileType = sourcecode.c.h; path = "UIView+Extension.h"; sourceTree = "<group>"; };
		8F89AF7421A54C8500A811F9 /* NSDate+Extension.h */ = {isa = PBXFileReference; fileEncoding = 4; lastKnownFileType = sourcecode.c.h; path = "NSDate+Extension.h"; sourceTree = "<group>"; };
		8F89AF7521A54C8500A811F9 /* WGDatePickerView.m */ = {isa = PBXFileReference; fileEncoding = 4; lastKnownFileType = sourcecode.c.objc; path = WGDatePickerView.m; sourceTree = "<group>"; };
		8F89AF7621A54C8500A811F9 /* WGDatePickerView.h */ = {isa = PBXFileReference; fileEncoding = 4; lastKnownFileType = sourcecode.c.h; path = WGDatePickerView.h; sourceTree = "<group>"; };
		8F89AF7721A54C8500A811F9 /* UIView+Extension.m */ = {isa = PBXFileReference; fileEncoding = 4; lastKnownFileType = sourcecode.c.objc; path = "UIView+Extension.m"; sourceTree = "<group>"; };
		8F89AF7821A54C8500A811F9 /* NSDate+Extension.m */ = {isa = PBXFileReference; fileEncoding = 4; lastKnownFileType = sourcecode.c.objc; path = "NSDate+Extension.m"; sourceTree = "<group>"; };
		8F89AF7921A54C8500A811F9 /* WGDatePickerView.xib */ = {isa = PBXFileReference; fileEncoding = 4; lastKnownFileType = file.xib; path = WGDatePickerView.xib; sourceTree = "<group>"; };
		8F89AF7E21A54CC400A811F9 /* PrefixHeader.pch */ = {isa = PBXFileReference; lastKnownFileType = sourcecode.c.h; path = PrefixHeader.pch; sourceTree = "<group>"; };
		8F89AF8021A54F3500A811F9 /* WGPromptBoxView.h */ = {isa = PBXFileReference; lastKnownFileType = sourcecode.c.h; path = WGPromptBoxView.h; sourceTree = "<group>"; };
		8F89AF8121A54F3500A811F9 /* WGPromptBoxView.m */ = {isa = PBXFileReference; lastKnownFileType = sourcecode.c.objc; path = WGPromptBoxView.m; sourceTree = "<group>"; };
		8F89AF8421A5507A00A811F9 /* UIViewController+Update.h */ = {isa = PBXFileReference; fileEncoding = 4; lastKnownFileType = sourcecode.c.h; path = "UIViewController+Update.h"; sourceTree = "<group>"; };
		8F89AF8521A5507A00A811F9 /* UIViewController+Update.m */ = {isa = PBXFileReference; fileEncoding = 4; lastKnownFileType = sourcecode.c.objc; path = "UIViewController+Update.m"; sourceTree = "<group>"; };
		8F89AF8B21A554E600A811F9 /* WGOutPutView.h */ = {isa = PBXFileReference; lastKnownFileType = sourcecode.c.h; path = WGOutPutView.h; sourceTree = "<group>"; };
		8F89AF8C21A554E600A811F9 /* WGOutPutView.m */ = {isa = PBXFileReference; lastKnownFileType = sourcecode.c.objc; path = WGOutPutView.m; sourceTree = "<group>"; };
		8F8CE00521ABA51E004B7D1D /* UIImage+GradientColor.h */ = {isa = PBXFileReference; fileEncoding = 4; lastKnownFileType = sourcecode.c.h; path = "UIImage+GradientColor.h"; sourceTree = "<group>"; };
		8F8CE00621ABA51E004B7D1D /* UIImage+GradientColor.m */ = {isa = PBXFileReference; fileEncoding = 4; lastKnownFileType = sourcecode.c.objc; path = "UIImage+GradientColor.m"; sourceTree = "<group>"; };
		8F8CE00821ABA598004B7D1D /* UIImage+WGExpand.h */ = {isa = PBXFileReference; lastKnownFileType = sourcecode.c.h; path = "UIImage+WGExpand.h"; sourceTree = "<group>"; };
		8F8CE00921ABA598004B7D1D /* UIImage+WGExpand.m */ = {isa = PBXFileReference; lastKnownFileType = sourcecode.c.objc; path = "UIImage+WGExpand.m"; sourceTree = "<group>"; };
		8F8CE00B21ABEC17004B7D1D /* WGGradientLabel.h */ = {isa = PBXFileReference; lastKnownFileType = sourcecode.c.h; path = WGGradientLabel.h; sourceTree = "<group>"; };
		8F8CE00C21ABEC17004B7D1D /* WGGradientLabel.m */ = {isa = PBXFileReference; lastKnownFileType = sourcecode.c.objc; path = WGGradientLabel.m; sourceTree = "<group>"; };
		8F91654E2255A2480061E6B5 /* WGGuideView.h */ = {isa = PBXFileReference; lastKnownFileType = sourcecode.c.h; path = WGGuideView.h; sourceTree = "<group>"; };
		8F91654F2255A2480061E6B5 /* WGGuideView.m */ = {isa = PBXFileReference; lastKnownFileType = sourcecode.c.objc; path = WGGuideView.m; sourceTree = "<group>"; };
		8F91E6B1224E1BDC0034E8BE /* WGImageCroppingVC.h */ = {isa = PBXFileReference; lastKnownFileType = sourcecode.c.h; path = WGImageCroppingVC.h; sourceTree = "<group>"; };
		8F91E6B2224E1BDC0034E8BE /* WGImageCroppingVC.m */ = {isa = PBXFileReference; lastKnownFileType = sourcecode.c.objc; path = WGImageCroppingVC.m; sourceTree = "<group>"; };
		8F94A7E72251E4F60056142A /* WGSeePhotosVC.h */ = {isa = PBXFileReference; lastKnownFileType = sourcecode.c.h; path = WGSeePhotosVC.h; sourceTree = "<group>"; };
		8F94A7E82251E4F60056142A /* WGSeePhotosVC.m */ = {isa = PBXFileReference; lastKnownFileType = sourcecode.c.objc; path = WGSeePhotosVC.m; sourceTree = "<group>"; };
		8F972C80224B16C100F03621 /* WGOtherViewController.h */ = {isa = PBXFileReference; lastKnownFileType = sourcecode.c.h; path = WGOtherViewController.h; sourceTree = "<group>"; };
		8F972C81224B16C100F03621 /* WGOtherViewController.m */ = {isa = PBXFileReference; lastKnownFileType = sourcecode.c.objc; path = WGOtherViewController.m; sourceTree = "<group>"; };
		8F972C83224B174B00F03621 /* UIViewController+BaseViewController.m */ = {isa = PBXFileReference; fileEncoding = 4; lastKnownFileType = sourcecode.c.objc; path = "UIViewController+BaseViewController.m"; sourceTree = "<group>"; };
		8F972C84224B174B00F03621 /* UIViewController+BaseViewController.h */ = {isa = PBXFileReference; fileEncoding = 4; lastKnownFileType = sourcecode.c.h; path = "UIViewController+BaseViewController.h"; sourceTree = "<group>"; };
		8F972C86224B17C000F03621 /* WGTabbar.m */ = {isa = PBXFileReference; fileEncoding = 4; lastKnownFileType = sourcecode.c.objc; path = WGTabbar.m; sourceTree = "<group>"; };
		8F972C87224B17C000F03621 /* WGTabbar.h */ = {isa = PBXFileReference; fileEncoding = 4; lastKnownFileType = sourcecode.c.h; path = WGTabbar.h; sourceTree = "<group>"; };
		8F972C8A224B1E5F00F03621 /* WGTag.h */ = {isa = PBXFileReference; lastKnownFileType = sourcecode.c.h; path = WGTag.h; sourceTree = "<group>"; };
		8F972C8B224B1E5F00F03621 /* WGTag.m */ = {isa = PBXFileReference; lastKnownFileType = sourcecode.c.objc; path = WGTag.m; sourceTree = "<group>"; };
		8F972C8D224B1EB400F03621 /* WGTagButton.h */ = {isa = PBXFileReference; lastKnownFileType = sourcecode.c.h; path = WGTagButton.h; sourceTree = "<group>"; };
		8F972C8E224B1EB400F03621 /* WGTagButton.m */ = {isa = PBXFileReference; lastKnownFileType = sourcecode.c.objc; path = WGTagButton.m; sourceTree = "<group>"; };
		8F972C90224B1EFB00F03621 /* WGTagView.h */ = {isa = PBXFileReference; lastKnownFileType = sourcecode.c.h; path = WGTagView.h; sourceTree = "<group>"; };
		8F972C91224B1EFB00F03621 /* WGTagView.m */ = {isa = PBXFileReference; lastKnownFileType = sourcecode.c.objc; path = WGTagView.m; sourceTree = "<group>"; };
		8F972C94224B20AD00F03621 /* WGTagButtonVC.h */ = {isa = PBXFileReference; lastKnownFileType = sourcecode.c.h; path = WGTagButtonVC.h; sourceTree = "<group>"; };
		8F972C95224B20AD00F03621 /* WGTagButtonVC.m */ = {isa = PBXFileReference; lastKnownFileType = sourcecode.c.objc; path = WGTagButtonVC.m; sourceTree = "<group>"; };
		8F972C97224B650200F03621 /* WGSearchController.h */ = {isa = PBXFileReference; lastKnownFileType = sourcecode.c.h; path = WGSearchController.h; sourceTree = "<group>"; };
		8F972C98224B650200F03621 /* WGSearchController.m */ = {isa = PBXFileReference; lastKnownFileType = sourcecode.c.objc; path = WGSearchController.m; sourceTree = "<group>"; };
		8F972C9A224B68E500F03621 /* WGNavSearchBar.h */ = {isa = PBXFileReference; lastKnownFileType = sourcecode.c.h; path = WGNavSearchBar.h; sourceTree = "<group>"; };
		8F972C9B224B68E500F03621 /* WGNavSearchBar.m */ = {isa = PBXFileReference; lastKnownFileType = sourcecode.c.objc; path = WGNavSearchBar.m; sourceTree = "<group>"; };
		8FA8E31E21B0CAF00099F088 /* IMHTopSegmetControl.h */ = {isa = PBXFileReference; fileEncoding = 4; lastKnownFileType = sourcecode.c.h; path = IMHTopSegmetControl.h; sourceTree = "<group>"; };
		8FA8E31F21B0CAF00099F088 /* IMHTopSegmetControl.m */ = {isa = PBXFileReference; fileEncoding = 4; lastKnownFileType = sourcecode.c.objc; path = IMHTopSegmetControl.m; sourceTree = "<group>"; };
		8FA8E32221B0CB0D0099F088 /* WGSearchBarView.m */ = {isa = PBXFileReference; fileEncoding = 4; lastKnownFileType = sourcecode.c.objc; path = WGSearchBarView.m; sourceTree = "<group>"; };
		8FA8E32321B0CB0D0099F088 /* WGSearchBar.h */ = {isa = PBXFileReference; fileEncoding = 4; lastKnownFileType = sourcecode.c.h; path = WGSearchBar.h; sourceTree = "<group>"; };
		8FA8E32421B0CB0D0099F088 /* WGSearchBarView.h */ = {isa = PBXFileReference; fileEncoding = 4; lastKnownFileType = sourcecode.c.h; path = WGSearchBarView.h; sourceTree = "<group>"; };
		8FA8E32521B0CB0E0099F088 /* WGSearchBar.m */ = {isa = PBXFileReference; fileEncoding = 4; lastKnownFileType = sourcecode.c.objc; path = WGSearchBar.m; sourceTree = "<group>"; };
		8FA8E32921B0CB940099F088 /* WGEraseToolbar.h */ = {isa = PBXFileReference; lastKnownFileType = sourcecode.c.h; path = WGEraseToolbar.h; sourceTree = "<group>"; };
		8FA8E32A21B0CB940099F088 /* WGEraseToolbar.m */ = {isa = PBXFileReference; lastKnownFileType = sourcecode.c.objc; path = WGEraseToolbar.m; sourceTree = "<group>"; };
		8FA8E32D21B0CC0E0099F088 /* WGAddressBtnView.h */ = {isa = PBXFileReference; fileEncoding = 4; lastKnownFileType = sourcecode.c.h; path = WGAddressBtnView.h; sourceTree = "<group>"; };
		8FA8E32E21B0CC0E0099F088 /* AreaSelectionView.h */ = {isa = PBXFileReference; fileEncoding = 4; lastKnownFileType = sourcecode.c.h; path = AreaSelectionView.h; sourceTree = "<group>"; };
		8FA8E32F21B0CC0E0099F088 /* WGAddressModel.h */ = {isa = PBXFileReference; fileEncoding = 4; lastKnownFileType = sourcecode.c.h; path = WGAddressModel.h; sourceTree = "<group>"; };
		8FA8E33021B0CC0E0099F088 /* WGAddressTableViewcell.h */ = {isa = PBXFileReference; fileEncoding = 4; lastKnownFileType = sourcecode.c.h; path = WGAddressTableViewcell.h; sourceTree = "<group>"; };
		8FA8E33121B0CC0E0099F088 /* WGAddressTableViewcell.m */ = {isa = PBXFileReference; fileEncoding = 4; lastKnownFileType = sourcecode.c.objc; path = WGAddressTableViewcell.m; sourceTree = "<group>"; };
		8FA8E33221B0CC0E0099F088 /* btn_check@2x.png */ = {isa = PBXFileReference; lastKnownFileType = image.png; path = "btn_check@2x.png"; sourceTree = "<group>"; };
		8FA8E33321B0CC0E0099F088 /* AreaSelectionView.m */ = {isa = PBXFileReference; fileEncoding = 4; lastKnownFileType = sourcecode.c.objc; path = AreaSelectionView.m; sourceTree = "<group>"; };
		8FA8E33421B0CC0E0099F088 /* btn_check@3x.png */ = {isa = PBXFileReference; lastKnownFileType = image.png; path = "btn_check@3x.png"; sourceTree = "<group>"; };
		8FA8E33521B0CC0E0099F088 /* WGAddressBtnView.m */ = {isa = PBXFileReference; fileEncoding = 4; lastKnownFileType = sourcecode.c.objc; path = WGAddressBtnView.m; sourceTree = "<group>"; };
		8FA8E33621B0CC0E0099F088 /* WGAddressModel.m */ = {isa = PBXFileReference; fileEncoding = 4; lastKnownFileType = sourcecode.c.objc; path = WGAddressModel.m; sourceTree = "<group>"; };
		8FA8E33E21B0CE5D0099F088 /* NSString+WGFrame.h */ = {isa = PBXFileReference; lastKnownFileType = sourcecode.c.h; path = "NSString+WGFrame.h"; sourceTree = "<group>"; };
		8FA8E33F21B0CE5D0099F088 /* NSString+WGFrame.m */ = {isa = PBXFileReference; lastKnownFileType = sourcecode.c.objc; path = "NSString+WGFrame.m"; sourceTree = "<group>"; };
		8FA8E34221B0E8020099F088 /* UIImage+Tint.m */ = {isa = PBXFileReference; fileEncoding = 4; lastKnownFileType = sourcecode.c.objc; path = "UIImage+Tint.m"; sourceTree = "<group>"; };
		8FA8E34521B0E8020099F088 /* backgroundStar.png */ = {isa = PBXFileReference; lastKnownFileType = image.png; path = backgroundStar.png; sourceTree = "<group>"; };
		8FA8E34621B0E8020099F088 /* foregroundStar.png */ = {isa = PBXFileReference; lastKnownFileType = image.png; path = foregroundStar.png; sourceTree = "<group>"; };
		8FA8E34821B0E8020099F088 /* SYStarRatingView.h */ = {isa = PBXFileReference; fileEncoding = 4; lastKnownFileType = sourcecode.c.h; path = SYStarRatingView.h; sourceTree = "<group>"; };
		8FA8E34921B0E8020099F088 /* SYStarRatingView.m */ = {isa = PBXFileReference; fileEncoding = 4; lastKnownFileType = sourcecode.c.objc; path = SYStarRatingView.m; sourceTree = "<group>"; };
		8FA8E34A21B0E8020099F088 /* UIImage+Tint.h */ = {isa = PBXFileReference; fileEncoding = 4; lastKnownFileType = sourcecode.c.h; path = "UIImage+Tint.h"; sourceTree = "<group>"; };
		8FA8E35221B110FA0099F088 /* NSObject+WGRemoveKVO.m */ = {isa = PBXFileReference; fileEncoding = 4; lastKnownFileType = sourcecode.c.objc; path = "NSObject+WGRemoveKVO.m"; sourceTree = "<group>"; };
		8FA8E35321B110FA0099F088 /* NSObject+WGRemoveKVO.h */ = {isa = PBXFileReference; fileEncoding = 4; lastKnownFileType = sourcecode.c.h; path = "NSObject+WGRemoveKVO.h"; sourceTree = "<group>"; };
		8FA8E35621B113460099F088 /* deleteFlowWindow.png */ = {isa = PBXFileReference; lastKnownFileType = image.png; path = deleteFlowWindow.png; sourceTree = "<group>"; };
		8FA8E35721B113460099F088 /* XHFloatWindow.h */ = {isa = PBXFileReference; fileEncoding = 4; lastKnownFileType = sourcecode.c.h; path = XHFloatWindow.h; sourceTree = "<group>"; };
		8FA8E35821B113460099F088 /* XHFloatWindow.m */ = {isa = PBXFileReference; fileEncoding = 4; lastKnownFileType = sourcecode.c.objc; path = XHFloatWindow.m; sourceTree = "<group>"; };
		8FA8E35921B113470099F088 /* XHDraggableButton.m */ = {isa = PBXFileReference; fileEncoding = 4; lastKnownFileType = sourcecode.c.objc; path = XHDraggableButton.m; sourceTree = "<group>"; };
		8FA8E35A21B113470099F088 /* XHFloatWindowController.h */ = {isa = PBXFileReference; fileEncoding = 4; lastKnownFileType = sourcecode.c.h; path = XHFloatWindowController.h; sourceTree = "<group>"; };
		8FA8E35B21B113470099F088 /* XHDraggableButton.h */ = {isa = PBXFileReference; fileEncoding = 4; lastKnownFileType = sourcecode.c.h; path = XHDraggableButton.h; sourceTree = "<group>"; };
		8FA8E35C21B113470099F088 /* XHFloatWindowController.m */ = {isa = PBXFileReference; fileEncoding = 4; lastKnownFileType = sourcecode.c.objc; path = XHFloatWindowController.m; sourceTree = "<group>"; };
		8FA8E35D21B113470099F088 /* XHFloatWindowSingleton.m */ = {isa = PBXFileReference; fileEncoding = 4; lastKnownFileType = sourcecode.c.objc; path = XHFloatWindowSingleton.m; sourceTree = "<group>"; };
		8FA8E35E21B113470099F088 /* XHFloatWindowSingleton.h */ = {isa = PBXFileReference; fileEncoding = 4; lastKnownFileType = sourcecode.c.h; path = XHFloatWindowSingleton.h; sourceTree = "<group>"; };
		8FA8E36521B12D650099F088 /* HYViewController.h */ = {isa = PBXFileReference; fileEncoding = 4; lastKnownFileType = sourcecode.c.h; path = HYViewController.h; sourceTree = "<group>"; };
		8FA8E36621B12D650099F088 /* UIViewController+NavBarHidden.m */ = {isa = PBXFileReference; fileEncoding = 4; lastKnownFileType = sourcecode.c.objc; path = "UIViewController+NavBarHidden.m"; sourceTree = "<group>"; };
		8FA8E36721B12D650099F088 /* HYViewController.m */ = {isa = PBXFileReference; fileEncoding = 4; lastKnownFileType = sourcecode.c.objc; path = HYViewController.m; sourceTree = "<group>"; };
		8FA8E36821B12D650099F088 /* UIViewController+NavBarHidden.h */ = {isa = PBXFileReference; fileEncoding = 4; lastKnownFileType = sourcecode.c.h; path = "UIViewController+NavBarHidden.h"; sourceTree = "<group>"; };
		8FA8E36C21B12D770099F088 /* ChooseView.h */ = {isa = PBXFileReference; fileEncoding = 4; lastKnownFileType = sourcecode.c.h; path = ChooseView.h; sourceTree = "<group>"; };
		8FA8E36D21B12D770099F088 /* ChooseRank.h */ = {isa = PBXFileReference; fileEncoding = 4; lastKnownFileType = sourcecode.c.h; path = ChooseRank.h; sourceTree = "<group>"; };
		8FA8E36E21B12D770099F088 /* ChooseRank.m */ = {isa = PBXFileReference; fileEncoding = 4; lastKnownFileType = sourcecode.c.objc; path = ChooseRank.m; sourceTree = "<group>"; };
		8FA8E36F21B12D770099F088 /* ChooseView.m */ = {isa = PBXFileReference; fileEncoding = 4; lastKnownFileType = sourcecode.c.objc; path = ChooseView.m; sourceTree = "<group>"; };
		8FA8E37321B12F4C0099F088 /* WGVerCodeInputView.h */ = {isa = PBXFileReference; fileEncoding = 4; lastKnownFileType = sourcecode.c.h; path = WGVerCodeInputView.h; sourceTree = "<group>"; };
		8FA8E37421B12F4D0099F088 /* WGVerCodeInputView.m */ = {isa = PBXFileReference; fileEncoding = 4; lastKnownFileType = sourcecode.c.objc; path = WGVerCodeInputView.m; sourceTree = "<group>"; };
		8FA8E37521B12F4D0099F088 /* UIView+MQ.m */ = {isa = PBXFileReference; fileEncoding = 4; lastKnownFileType = sourcecode.c.objc; path = "UIView+MQ.m"; sourceTree = "<group>"; };
		8FA8E37621B12F4D0099F088 /* UIView+MQ.h */ = {isa = PBXFileReference; fileEncoding = 4; lastKnownFileType = sourcecode.c.h; path = "UIView+MQ.h"; sourceTree = "<group>"; };
		8FA8E37A21B1351D0099F088 /* BadgeView.h */ = {isa = PBXFileReference; fileEncoding = 4; lastKnownFileType = sourcecode.c.h; path = BadgeView.h; sourceTree = "<group>"; };
		8FA8E37B21B1351D0099F088 /* BadgeView.m */ = {isa = PBXFileReference; fileEncoding = 4; lastKnownFileType = sourcecode.c.objc; path = BadgeView.m; sourceTree = "<group>"; };
		8FA8E37C21B1351E0099F088 /* UITabBar+Badge.m */ = {isa = PBXFileReference; fileEncoding = 4; lastKnownFileType = sourcecode.c.objc; path = "UITabBar+Badge.m"; sourceTree = "<group>"; };
		8FA8E37D21B1351E0099F088 /* UITabBar+Badge.h */ = {isa = PBXFileReference; fileEncoding = 4; lastKnownFileType = sourcecode.c.h; path = "UITabBar+Badge.h"; sourceTree = "<group>"; };
		8FA8E38021B136530099F088 /* 渐变色.md */ = {isa = PBXFileReference; fileEncoding = 4; lastKnownFileType = net.daringfireball.markdown; path = "渐变色.md"; sourceTree = "<group>"; };
		8FA8E38221B1370B0099F088 /* MBP.md */ = {isa = PBXFileReference; fileEncoding = 4; lastKnownFileType = net.daringfireball.markdown; path = MBP.md; sourceTree = "<group>"; };
		8FA8E38421B137D10099F088 /* 验证码输入.md */ = {isa = PBXFileReference; fileEncoding = 4; lastKnownFileType = net.daringfireball.markdown; path = "验证码输入.md"; sourceTree = "<group>"; };
		8FA8E38621B13B110099F088 /* 消息提醒.md */ = {isa = PBXFileReference; fileEncoding = 4; lastKnownFileType = net.daringfireball.markdown; path = "消息提醒.md"; sourceTree = "<group>"; };
		8FC4A2682248CDFC00BAD4F5 /* WGScoreViewController.h */ = {isa = PBXFileReference; lastKnownFileType = sourcecode.c.h; path = WGScoreViewController.h; sourceTree = "<group>"; };
		8FC4A2692248CDFC00BAD4F5 /* WGScoreViewController.m */ = {isa = PBXFileReference; lastKnownFileType = sourcecode.c.objc; path = WGScoreViewController.m; sourceTree = "<group>"; };
		8FC4A26C2248CE7B00BAD4F5 /* WGQrCodeViewController.h */ = {isa = PBXFileReference; lastKnownFileType = sourcecode.c.h; path = WGQrCodeViewController.h; sourceTree = "<group>"; };
		8FC4A26D2248CE7B00BAD4F5 /* WGQrCodeViewController.m */ = {isa = PBXFileReference; lastKnownFileType = sourcecode.c.objc; path = WGQrCodeViewController.m; sourceTree = "<group>"; };
		8FC4A2702248CEFF00BAD4F5 /* WGPasswordVerificationCodeVC.h */ = {isa = PBXFileReference; lastKnownFileType = sourcecode.c.h; path = WGPasswordVerificationCodeVC.h; sourceTree = "<group>"; };
		8FC4A2712248CEFF00BAD4F5 /* WGPasswordVerificationCodeVC.m */ = {isa = PBXFileReference; lastKnownFileType = sourcecode.c.objc; path = WGPasswordVerificationCodeVC.m; sourceTree = "<group>"; };
		8FDAB8EF224C6A9E00C38B0E /* IDInfo.h */ = {isa = PBXFileReference; fileEncoding = 4; lastKnownFileType = sourcecode.c.h; path = IDInfo.h; sourceTree = "<group>"; };
		8FDAB8F0224C6A9E00C38B0E /* IDInfoViewController.xib */ = {isa = PBXFileReference; fileEncoding = 4; lastKnownFileType = file.xib; path = IDInfoViewController.xib; sourceTree = "<group>"; };
		8FDAB8F1224C6A9E00C38B0E /* AVCaptureViewController.m */ = {isa = PBXFileReference; fileEncoding = 4; lastKnownFileType = sourcecode.c.objc; path = AVCaptureViewController.m; sourceTree = "<group>"; };
		8FDAB8F2224C6A9E00C38B0E /* UIAlertController+Extend.m */ = {isa = PBXFileReference; fileEncoding = 4; lastKnownFileType = sourcecode.c.objc; path = "UIAlertController+Extend.m"; sourceTree = "<group>"; };
		8FDAB8F3224C6A9F00C38B0E /* IDInfoViewController.m */ = {isa = PBXFileReference; fileEncoding = 4; lastKnownFileType = sourcecode.c.objc; path = IDInfoViewController.m; sourceTree = "<group>"; };
		8FDAB8F4224C6A9F00C38B0E /* RectManager.m */ = {isa = PBXFileReference; fileEncoding = 4; lastKnownFileType = sourcecode.c.objc; path = RectManager.m; sourceTree = "<group>"; };
		8FDAB8F5224C6A9F00C38B0E /* IDInfoViewController.h */ = {isa = PBXFileReference; fileEncoding = 4; lastKnownFileType = sourcecode.c.h; path = IDInfoViewController.h; sourceTree = "<group>"; };
		8FDAB8F6224C6A9F00C38B0E /* UIImage+Extend.m */ = {isa = PBXFileReference; fileEncoding = 4; lastKnownFileType = sourcecode.c.objc; path = "UIImage+Extend.m"; sourceTree = "<group>"; };
		8FDAB8F7224C6A9F00C38B0E /* LHSIDCardScaningView.h */ = {isa = PBXFileReference; fileEncoding = 4; lastKnownFileType = sourcecode.c.h; path = LHSIDCardScaningView.h; sourceTree = "<group>"; };
		8FDAB8F8224C6A9F00C38B0E /* LHSIDCardScaningView.m */ = {isa = PBXFileReference; fileEncoding = 4; lastKnownFileType = sourcecode.c.objc; path = LHSIDCardScaningView.m; sourceTree = "<group>"; };
		8FDAB8F9224C6A9F00C38B0E /* UIImage+Extend.h */ = {isa = PBXFileReference; fileEncoding = 4; lastKnownFileType = sourcecode.c.h; path = "UIImage+Extend.h"; sourceTree = "<group>"; };
		8FDAB8FA224C6A9F00C38B0E /* RectManager.h */ = {isa = PBXFileReference; fileEncoding = 4; lastKnownFileType = sourcecode.c.h; path = RectManager.h; sourceTree = "<group>"; };
		8FDAB8FB224C6AA000C38B0E /* IDInfo.m */ = {isa = PBXFileReference; fileEncoding = 4; lastKnownFileType = sourcecode.c.objc; path = IDInfo.m; sourceTree = "<group>"; };
		8FDAB8FC224C6AA000C38B0E /* AVCaptureViewController.h */ = {isa = PBXFileReference; fileEncoding = 4; lastKnownFileType = sourcecode.c.h; path = AVCaptureViewController.h; sourceTree = "<group>"; };
		8FDAB8FD224C6AA000C38B0E /* UIAlertController+Extend.h */ = {isa = PBXFileReference; fileEncoding = 4; lastKnownFileType = sourcecode.c.h; path = "UIAlertController+Extend.h"; sourceTree = "<group>"; };
		8FDAB906224C6B5D00C38B0E /* WGIdentificationVC.h */ = {isa = PBXFileReference; lastKnownFileType = sourcecode.c.h; path = WGIdentificationVC.h; sourceTree = "<group>"; };
		8FDAB907224C6B5D00C38B0E /* WGIdentificationVC.m */ = {isa = PBXFileReference; lastKnownFileType = sourcecode.c.objc; path = WGIdentificationVC.m; sourceTree = "<group>"; };
		8FDAB90A224C6BBF00C38B0E /* libexidcardios.a */ = {isa = PBXFileReference; lastKnownFileType = archive.ar; path = libexidcardios.a; sourceTree = "<group>"; };
		8FDAB90C224C6BBF00C38B0E /* zocr0.lib */ = {isa = PBXFileReference; lastKnownFileType = file; path = zocr0.lib; sourceTree = "<group>"; };
		8FDAB90D224C6BBF00C38B0E /* commondef.h */ = {isa = PBXFileReference; fileEncoding = 4; lastKnownFileType = sourcecode.c.h; path = commondef.h; sourceTree = "<group>"; };
		8FDAB90E224C6BBF00C38B0E /* excards.h */ = {isa = PBXFileReference; fileEncoding = 4; lastKnownFileType = sourcecode.c.h; path = excards.h; sourceTree = "<group>"; };
		8FDAB912224C782E00C38B0E /* WGMoreImageVC.h */ = {isa = PBXFileReference; lastKnownFileType = sourcecode.c.h; path = WGMoreImageVC.h; sourceTree = "<group>"; };
		8FDAB913224C782E00C38B0E /* WGMoreImageVC.m */ = {isa = PBXFileReference; lastKnownFileType = sourcecode.c.objc; path = WGMoreImageVC.m; sourceTree = "<group>"; };
		8FDAB915224C7C0000C38B0E /* WGImageItem.h */ = {isa = PBXFileReference; fileEncoding = 4; lastKnownFileType = sourcecode.c.h; path = WGImageItem.h; sourceTree = "<group>"; };
		8FDAB916224C7C0000C38B0E /* WGImageItem.m */ = {isa = PBXFileReference; fileEncoding = 4; lastKnownFileType = sourcecode.c.objc; path = WGImageItem.m; sourceTree = "<group>"; };
		8FDAB919224CBA6A00C38B0E /* WGTackImgaeView.m */ = {isa = PBXFileReference; fileEncoding = 4; lastKnownFileType = sourcecode.c.objc; path = WGTackImgaeView.m; sourceTree = "<group>"; };
		8FDAB91A224CBA6A00C38B0E /* WGCropImageVC.h */ = {isa = PBXFileReference; fileEncoding = 4; lastKnownFileType = sourcecode.c.h; path = WGCropImageVC.h; sourceTree = "<group>"; };
		8FDAB91B224CBA6B00C38B0E /* WGCropImageVC.m */ = {isa = PBXFileReference; fileEncoding = 4; lastKnownFileType = sourcecode.c.objc; path = WGCropImageVC.m; sourceTree = "<group>"; };
		8FDAB91C224CBA6B00C38B0E /* WGTackImgaeView.h */ = {isa = PBXFileReference; fileEncoding = 4; lastKnownFileType = sourcecode.c.h; path = WGTackImgaeView.h; sourceTree = "<group>"; };
		8FF86A8C21A6ABB800C95EA4 /* NSString+WGPinYin.h */ = {isa = PBXFileReference; lastKnownFileType = sourcecode.c.h; path = "NSString+WGPinYin.h"; sourceTree = "<group>"; };
		8FF86A8D21A6ABB800C95EA4 /* NSString+WGPinYin.m */ = {isa = PBXFileReference; lastKnownFileType = sourcecode.c.objc; path = "NSString+WGPinYin.m"; sourceTree = "<group>"; };
		8FF86A8F21A6ACAD00C95EA4 /* WGPinYinModel.h */ = {isa = PBXFileReference; lastKnownFileType = sourcecode.c.h; path = WGPinYinModel.h; sourceTree = "<group>"; };
		8FF86A9021A6ACAD00C95EA4 /* WGPinYinModel.m */ = {isa = PBXFileReference; lastKnownFileType = sourcecode.c.objc; path = WGPinYinModel.m; sourceTree = "<group>"; };
		8FF86A9221A6AD3C00C95EA4 /* NSString+WGExpand.h */ = {isa = PBXFileReference; lastKnownFileType = sourcecode.c.h; path = "NSString+WGExpand.h"; sourceTree = "<group>"; };
		8FF86A9321A6AD3C00C95EA4 /* NSString+WGExpand.m */ = {isa = PBXFileReference; lastKnownFileType = sourcecode.c.objc; path = "NSString+WGExpand.m"; sourceTree = "<group>"; };
		D6BBAACCB13A8FB9D8B6B9E1 /* Pods-iOSComponentProjrect.release.xcconfig */ = {isa = PBXFileReference; includeInIndex = 1; lastKnownFileType = text.xcconfig; name = "Pods-iOSComponentProjrect.release.xcconfig"; path = "Pods/Target Support Files/Pods-iOSComponentProjrect/Pods-iOSComponentProjrect.release.xcconfig"; sourceTree = "<group>"; };
		F3FD940C772A842B4723E580 /* libPods-iOSComponentProjrect.a */ = {isa = PBXFileReference; explicitFileType = archive.ar; includeInIndex = 0; path = "libPods-iOSComponentProjrect.a"; sourceTree = BUILT_PRODUCTS_DIR; };
/* End PBXFileReference section */

/* Begin PBXFrameworksBuildPhase section */
		8F89AF5621A54C1800A811F9 /* Frameworks */ = {
			isa = PBXFrameworksBuildPhase;
			buildActionMask = 2147483647;
			files = (
				8F48463021AF70930064E21D /* libsqlite3.0.tbd in Frameworks */,
				1CE2F70555C398010406EBCE /* libPods-iOSComponentProjrect.a in Frameworks */,
				8FDAB90F224C6BBF00C38B0E /* libexidcardios.a in Frameworks */,
			);
			runOnlyForDeploymentPostprocessing = 0;
		};
/* End PBXFrameworksBuildPhase section */

/* Begin PBXGroup section */
		48347747E11B5C5F5BBFB345 /* Frameworks */ = {
			isa = PBXGroup;
			children = (
				8F48462F21AF70930064E21D /* libsqlite3.0.tbd */,
				F3FD940C772A842B4723E580 /* libPods-iOSComponentProjrect.a */,
			);
			name = Frameworks;
			sourceTree = "<group>";
		};
		8F2AA1E32244D65400E49BB3 /* 实例 */ = {
			isa = PBXGroup;
			children = (
				8F94A7E62251E3750056142A /* 多图片查看 */,
				8F91E6B0224E1BB20034E8BE /* 图片裁剪 */,
				8FDAB911224C781000C38B0E /* 图片多选 */,
				8FDAB8ED224C632B00C38B0E /* 身份证扫描 */,
				8F972C93224B208C00F03621 /* 热门标签、导航栏搜索 */,
				8FC4A26F2248CED200BAD4F5 /* 密码、验证码 */,
				8FC4A26B2248CE5B00BAD4F5 /* 二维码 */,
				8F2AA1E62244D69400E49BB3 /* score */,
			);
			path = "实例";
			sourceTree = "<group>";
		};
		8F2AA1E42244D66C00E49BB3 /* base */ = {
			isa = PBXGroup;
			children = (
				8F972C87224B17C000F03621 /* WGTabbar.h */,
				8F972C86224B17C000F03621 /* WGTabbar.m */,
				8F89AF5C21A54C1800A811F9 /* AppDelegate.h */,
				8F89AF5D21A54C1800A811F9 /* AppDelegate.m */,
				8F972C84224B174B00F03621 /* UIViewController+BaseViewController.h */,
				8F972C83224B174B00F03621 /* UIViewController+BaseViewController.m */,
			);
			path = base;
			sourceTree = "<group>";
		};
		8F2AA1E62244D69400E49BB3 /* score */ = {
			isa = PBXGroup;
			children = (
				8FC4A2682248CDFC00BAD4F5 /* WGScoreViewController.h */,
				8FC4A2692248CDFC00BAD4F5 /* WGScoreViewController.m */,
			);
			name = score;
			sourceTree = "<group>";
		};
		8F3878AC2254A2CD00F1A70B /* 动画 */ = {
			isa = PBXGroup;
			children = (
				8F3878AD2254A2FA00F1A70B /* UIView+WGAnimation.h */,
				8F3878AE2254A2FA00F1A70B /* UIView+WGAnimation.m */,
			);
			path = "动画";
			sourceTree = "<group>";
		};
		8F48463821AF77CA0064E21D /* FMDB封装 */ = {
			isa = PBXGroup;
			children = (
				8F48463121AF72000064E21D /* DataBaseFile.h */,
				8F48463221AF72000064E21D /* WGDataBaseTool.h */,
				8F48463321AF72000064E21D /* WGDataBaseTool.m */,
			);
			path = "FMDB封装";
			sourceTree = "<group>";
		};
		8F7F9B592243974B00661DDE /* 二维码 */ = {
			isa = PBXGroup;
			children = (
				8F7F9B5D2243976400661DDE /* WGNativeScanTool.h */,
				8F7F9B5C2243976300661DDE /* WGNativeScanTool.m */,
				8F7F9B5A2243976300661DDE /* WGScanView.h */,
				8F7F9B5B2243976300661DDE /* WGScanView.m */,
			);
			path = "二维码";
			sourceTree = "<group>";
		};
		8F89437321AD25D600666DD8 /* AFN封装 */ = {
			isa = PBXGroup;
			children = (
				8F48463521AF748A0064E21D /* IMHAFttpTool.h */,
				8F48463621AF748A0064E21D /* IMHAFttpTool.m */,
			);
			path = "AFN封装";
			sourceTree = "<group>";
		};
		8F89438221AD469800666DD8 /* MBP封装 */ = {
			isa = PBXGroup;
			children = (
				8FA8E38221B1370B0099F088 /* MBP.md */,
				8F48464721AFD0C70064E21D /* error.png */,
				8F48464621AFD0C60064E21D /* error@2x.png */,
				8F48464521AFD0C60064E21D /* error@3x.png */,
				8F48464021AFD0C00064E21D /* info.png */,
				8F48463F21AFD0C00064E21D /* info@2x.png */,
				8F48464121AFD0C00064E21D /* info@3x.png */,
				8F48463A21AFD0B80064E21D /* success.png */,
				8F48463921AFD0B80064E21D /* success@2x.png */,
				8F48463B21AFD0B80064E21D /* success@3x.png */,
				8F89438321AD46B700666DD8 /* MBProgressHUD+WG.h */,
				8F89438421AD46B700666DD8 /* MBProgressHUD+WG.m */,
			);
			path = "MBP封装";
			sourceTree = "<group>";
		};
		8F89AF5021A54C1800A811F9 = {
			isa = PBXGroup;
			children = (
				8F89AF5B21A54C1800A811F9 /* iOSComponentProjrect */,
				8F89AF5A21A54C1800A811F9 /* Products */,
				E5749B412D2C3A2EEA7327CA /* Pods */,
				48347747E11B5C5F5BBFB345 /* Frameworks */,
			);
			sourceTree = "<group>";
		};
		8F89AF5A21A54C1800A811F9 /* Products */ = {
			isa = PBXGroup;
			children = (
				8F89AF5921A54C1800A811F9 /* iOSComponentProjrect.app */,
			);
			name = Products;
			sourceTree = "<group>";
		};
		8F89AF5B21A54C1800A811F9 /* iOSComponentProjrect */ = {
			isa = PBXGroup;
			children = (
				8F2AA1E42244D66C00E49BB3 /* base */,
				8FF86A8A21A6AB2500C95EA4 /* 工具类 */,
				8FF86A8921A6AB1000C95EA4 /* 控件 */,
				8F2AA1E32244D65400E49BB3 /* 实例 */,
				8F89AF5F21A54C1800A811F9 /* ViewController.h */,
				8F89AF6021A54C1800A811F9 /* ViewController.m */,
				8F972C80224B16C100F03621 /* WGOtherViewController.h */,
				8F972C81224B16C100F03621 /* WGOtherViewController.m */,
				8F89AF7E21A54CC400A811F9 /* PrefixHeader.pch */,
				8F89438121AD44EF00666DD8 /* Config.h */,
				8F89AF6221A54C1800A811F9 /* Main.storyboard */,
				8F89AF6521A54C1900A811F9 /* Assets.xcassets */,
				8F89AF6721A54C1900A811F9 /* LaunchScreen.storyboard */,
				8F89AF6A21A54C1900A811F9 /* Info.plist */,
				8F89AF6B21A54C1900A811F9 /* main.m */,
			);
			path = iOSComponentProjrect;
			sourceTree = "<group>";
		};
		8F89AF7221A54C2500A811F9 /* 时间选择控件 */ = {
			isa = PBXGroup;
			children = (
				8F89AF7421A54C8500A811F9 /* NSDate+Extension.h */,
				8F89AF7821A54C8500A811F9 /* NSDate+Extension.m */,
				8F89AF7321A54C8500A811F9 /* UIView+Extension.h */,
				8F89AF7721A54C8500A811F9 /* UIView+Extension.m */,
				8F89AF7621A54C8500A811F9 /* WGDatePickerView.h */,
				8F89AF7521A54C8500A811F9 /* WGDatePickerView.m */,
				8F89AF7921A54C8500A811F9 /* WGDatePickerView.xib */,
			);
			path = "时间选择控件";
			sourceTree = "<group>";
		};
		8F89AF7F21A54E9D00A811F9 /* 系统提示封装 */ = {
			isa = PBXGroup;
			children = (
				8F89AF8021A54F3500A811F9 /* WGPromptBoxView.h */,
				8F89AF8121A54F3500A811F9 /* WGPromptBoxView.m */,
			);
			path = "系统提示封装";
			sourceTree = "<group>";
		};
		8F89AF8321A5504400A811F9 /* 版本更新提示 */ = {
			isa = PBXGroup;
			children = (
				8F89AF8421A5507A00A811F9 /* UIViewController+Update.h */,
				8F89AF8521A5507A00A811F9 /* UIViewController+Update.m */,
			);
			path = "版本更新提示";
			sourceTree = "<group>";
		};
		8F89AF8721A5542B00A811F9 /* 弹出选择视图 */ = {
			isa = PBXGroup;
			children = (
				8F89AF8B21A554E600A811F9 /* WGOutPutView.h */,
				8F89AF8C21A554E600A811F9 /* WGOutPutView.m */,
			);
			path = "弹出选择视图";
			sourceTree = "<group>";
		};
		8F8CE00421ABA502004B7D1D /* 渐变色 */ = {
			isa = PBXGroup;
			children = (
				8FA8E38021B136530099F088 /* 渐变色.md */,
				8F8CE00521ABA51E004B7D1D /* UIImage+GradientColor.h */,
				8F8CE00621ABA51E004B7D1D /* UIImage+GradientColor.m */,
				8F8CE00B21ABEC17004B7D1D /* WGGradientLabel.h */,
				8F8CE00C21ABEC17004B7D1D /* WGGradientLabel.m */,
			);
			path = "渐变色";
			sourceTree = "<group>";
		};
		8F90EE7222696EA400EA4F40 /* navSearch */ = {
			isa = PBXGroup;
			children = (
				8F972C9A224B68E500F03621 /* WGNavSearchBar.h */,
				8F972C9B224B68E500F03621 /* WGNavSearchBar.m */,
				8F972C97224B650200F03621 /* WGSearchController.h */,
				8F972C98224B650200F03621 /* WGSearchController.m */,
			);
			name = navSearch;
			sourceTree = "<group>";
		};
		8F90EE7322696EBB00EA4F40 /* searchView */ = {
			isa = PBXGroup;
			children = (
				8FA8E32321B0CB0D0099F088 /* WGSearchBar.h */,
				8FA8E32521B0CB0E0099F088 /* WGSearchBar.m */,
				8FA8E32421B0CB0D0099F088 /* WGSearchBarView.h */,
				8FA8E32221B0CB0D0099F088 /* WGSearchBarView.m */,
			);
			name = searchView;
			sourceTree = "<group>";
		};
		8F91654D2255A2270061E6B5 /* 引导图 */ = {
			isa = PBXGroup;
			children = (
				8F91654E2255A2480061E6B5 /* WGGuideView.h */,
				8F91654F2255A2480061E6B5 /* WGGuideView.m */,
			);
			path = "引导图";
			sourceTree = "<group>";
		};
		8F91E6B0224E1BB20034E8BE /* 图片裁剪 */ = {
			isa = PBXGroup;
			children = (
				8F91E6B1224E1BDC0034E8BE /* WGImageCroppingVC.h */,
				8F91E6B2224E1BDC0034E8BE /* WGImageCroppingVC.m */,
			);
			name = "图片裁剪";
			sourceTree = "<group>";
		};
		8F94A7E62251E3750056142A /* 多图片查看 */ = {
			isa = PBXGroup;
			children = (
				8F94A7E72251E4F60056142A /* WGSeePhotosVC.h */,
				8F94A7E82251E4F60056142A /* WGSeePhotosVC.m */,
			);
			name = "多图片查看";
			sourceTree = "<group>";
		};
		8F972C89224B1E3300F03621 /* 标签 */ = {
			isa = PBXGroup;
			children = (
				8F972C8A224B1E5F00F03621 /* WGTag.h */,
				8F972C8B224B1E5F00F03621 /* WGTag.m */,
				8F972C8D224B1EB400F03621 /* WGTagButton.h */,
				8F972C8E224B1EB400F03621 /* WGTagButton.m */,
				8F972C90224B1EFB00F03621 /* WGTagView.h */,
				8F972C91224B1EFB00F03621 /* WGTagView.m */,
			);
			path = "标签";
			sourceTree = "<group>";
		};
		8F972C93224B208C00F03621 /* 热门标签、导航栏搜索 */ = {
			isa = PBXGroup;
			children = (
				8F972C94224B20AD00F03621 /* WGTagButtonVC.h */,
				8F972C95224B20AD00F03621 /* WGTagButtonVC.m */,
			);
			name = "热门标签、导航栏搜索";
			sourceTree = "<group>";
		};
		8FA8E31D21B0CAD20099F088 /* 多选择按钮视图 */ = {
			isa = PBXGroup;
			children = (
				8FA8E31E21B0CAF00099F088 /* IMHTopSegmetControl.h */,
				8FA8E31F21B0CAF00099F088 /* IMHTopSegmetControl.m */,
			);
			path = "多选择按钮视图";
			sourceTree = "<group>";
		};
		8FA8E32121B0CAF80099F088 /* 搜索框 */ = {
			isa = PBXGroup;
			children = (
				8F90EE7322696EBB00EA4F40 /* searchView */,
				8F90EE7222696EA400EA4F40 /* navSearch */,
			);
			path = "搜索框";
			sourceTree = "<group>";
		};
		8FA8E32821B0CB510099F088 /* 清除webview键盘工具栏 */ = {
			isa = PBXGroup;
			children = (
				8FA8E32921B0CB940099F088 /* WGEraseToolbar.h */,
				8FA8E32A21B0CB940099F088 /* WGEraseToolbar.m */,
			);
			path = "清除webview键盘工具栏";
			sourceTree = "<group>";
		};
		8FA8E32C21B0CBCF0099F088 /* 多级联动选择 */ = {
			isa = PBXGroup;
			children = (
				8FA8E32E21B0CC0E0099F088 /* AreaSelectionView.h */,
				8FA8E33321B0CC0E0099F088 /* AreaSelectionView.m */,
				8FA8E33221B0CC0E0099F088 /* btn_check@2x.png */,
				8FA8E33421B0CC0E0099F088 /* btn_check@3x.png */,
				8FA8E32D21B0CC0E0099F088 /* WGAddressBtnView.h */,
				8FA8E33521B0CC0E0099F088 /* WGAddressBtnView.m */,
				8FA8E32F21B0CC0E0099F088 /* WGAddressModel.h */,
				8FA8E33621B0CC0E0099F088 /* WGAddressModel.m */,
				8FA8E33021B0CC0E0099F088 /* WGAddressTableViewcell.h */,
				8FA8E33121B0CC0E0099F088 /* WGAddressTableViewcell.m */,
			);
			path = "多级联动选择";
			sourceTree = "<group>";
		};
		8FA8E33D21B0CE050099F088 /* label的frame */ = {
			isa = PBXGroup;
			children = (
				8FA8E33E21B0CE5D0099F088 /* NSString+WGFrame.h */,
				8FA8E33F21B0CE5D0099F088 /* NSString+WGFrame.m */,
			);
			path = "label的frame";
			sourceTree = "<group>";
		};
		8FA8E34121B0E7E70099F088 /* 打分 */ = {
			isa = PBXGroup;
			children = (
				8FA8E34321B0E8020099F088 /* Image */,
				8FA8E34821B0E8020099F088 /* SYStarRatingView.h */,
				8FA8E34921B0E8020099F088 /* SYStarRatingView.m */,
				8FA8E34A21B0E8020099F088 /* UIImage+Tint.h */,
				8FA8E34221B0E8020099F088 /* UIImage+Tint.m */,
			);
			path = "打分";
			sourceTree = "<group>";
		};
		8FA8E34321B0E8020099F088 /* Image */ = {
			isa = PBXGroup;
			children = (
				8FA8E34521B0E8020099F088 /* backgroundStar.png */,
				8FA8E34621B0E8020099F088 /* foregroundStar.png */,
			);
			path = Image;
			sourceTree = "<group>";
		};
		8FA8E35121B110D60099F088 /* 防止多次移除监听 */ = {
			isa = PBXGroup;
			children = (
				8FA8E35321B110FA0099F088 /* NSObject+WGRemoveKVO.h */,
				8FA8E35221B110FA0099F088 /* NSObject+WGRemoveKVO.m */,
			);
			path = "防止多次移除监听";
			sourceTree = "<group>";
		};
		8FA8E35521B1130A0099F088 /* 桌面可拖动小窗口 */ = {
			isa = PBXGroup;
			children = (
				8FA8E35621B113460099F088 /* deleteFlowWindow.png */,
				8FA8E35B21B113470099F088 /* XHDraggableButton.h */,
				8FA8E35921B113470099F088 /* XHDraggableButton.m */,
				8FA8E35721B113460099F088 /* XHFloatWindow.h */,
				8FA8E35821B113460099F088 /* XHFloatWindow.m */,
				8FA8E35A21B113470099F088 /* XHFloatWindowController.h */,
				8FA8E35C21B113470099F088 /* XHFloatWindowController.m */,
				8FA8E35E21B113470099F088 /* XHFloatWindowSingleton.h */,
				8FA8E35D21B113470099F088 /* XHFloatWindowSingleton.m */,
			);
			path = "桌面可拖动小窗口";
			sourceTree = "<group>";
		};
		8FA8E36421B12D650099F088 /* 透明导航栏 */ = {
			isa = PBXGroup;
			children = (
				8F138A59223B3E9600D04D18 /* 导航栏渐变.md */,
				8FA8E36521B12D650099F088 /* HYViewController.h */,
				8FA8E36721B12D650099F088 /* HYViewController.m */,
				8FA8E36821B12D650099F088 /* UIViewController+NavBarHidden.h */,
				8FA8E36621B12D650099F088 /* UIViewController+NavBarHidden.m */,
			);
			path = "透明导航栏";
			sourceTree = "<group>";
		};
		8FA8E36B21B12D770099F088 /* 购物车选择view */ = {
			isa = PBXGroup;
			children = (
				8FA8E36C21B12D770099F088 /* ChooseView.h */,
				8FA8E36F21B12D770099F088 /* ChooseView.m */,
				8FA8E36D21B12D770099F088 /* ChooseRank.h */,
				8FA8E36E21B12D770099F088 /* ChooseRank.m */,
			);
			path = "购物车选择view";
			sourceTree = "<group>";
		};
		8FA8E37221B12F300099F088 /* 验证码输入 */ = {
			isa = PBXGroup;
			children = (
				8FA8E38421B137D10099F088 /* 验证码输入.md */,
				8FA8E37321B12F4C0099F088 /* WGVerCodeInputView.h */,
				8FA8E37421B12F4D0099F088 /* WGVerCodeInputView.m */,
				8FA8E37621B12F4D0099F088 /* UIView+MQ.h */,
				8FA8E37521B12F4D0099F088 /* UIView+MQ.m */,
			);
			path = "验证码输入";
			sourceTree = "<group>";
		};
		8FA8E37921B134E40099F088 /* Tabbar消息提醒 */ = {
			isa = PBXGroup;
			children = (
				8FA8E38621B13B110099F088 /* 消息提醒.md */,
				8FA8E37A21B1351D0099F088 /* BadgeView.h */,
				8FA8E37B21B1351D0099F088 /* BadgeView.m */,
				8FA8E37D21B1351E0099F088 /* UITabBar+Badge.h */,
				8FA8E37C21B1351E0099F088 /* UITabBar+Badge.m */,
			);
			path = "Tabbar消息提醒";
			sourceTree = "<group>";
		};
		8FC4A26B2248CE5B00BAD4F5 /* 二维码 */ = {
			isa = PBXGroup;
			children = (
				8FC4A26C2248CE7B00BAD4F5 /* WGQrCodeViewController.h */,
				8FC4A26D2248CE7B00BAD4F5 /* WGQrCodeViewController.m */,
				8F4F071A224A0B2400F1B3FE /* WGScanViewController.h */,
				8F4F071B224A0B2400F1B3FE /* WGScanViewController.m */,
			);
			name = "二维码";
			sourceTree = "<group>";
		};
		8FC4A26F2248CED200BAD4F5 /* 密码、验证码 */ = {
			isa = PBXGroup;
			children = (
				8FC4A2702248CEFF00BAD4F5 /* WGPasswordVerificationCodeVC.h */,
				8FC4A2712248CEFF00BAD4F5 /* WGPasswordVerificationCodeVC.m */,
			);
			name = "密码、验证码";
			sourceTree = "<group>";
		};
		8FDAB8ED224C632B00C38B0E /* 身份证扫描 */ = {
			isa = PBXGroup;
			children = (
				8FDAB906224C6B5D00C38B0E /* WGIdentificationVC.h */,
				8FDAB907224C6B5D00C38B0E /* WGIdentificationVC.m */,
			);
			name = "身份证扫描";
			sourceTree = "<group>";
		};
		8FDAB8EE224C637F00C38B0E /* 身份证扫描 */ = {
			isa = PBXGroup;
			children = (
				8FDAB909224C6BBF00C38B0E /* libexidcard */,
				8FDAB8FC224C6AA000C38B0E /* AVCaptureViewController.h */,
				8FDAB8F1224C6A9E00C38B0E /* AVCaptureViewController.m */,
				8FDAB8EF224C6A9E00C38B0E /* IDInfo.h */,
				8FDAB8FB224C6AA000C38B0E /* IDInfo.m */,
				8FDAB8F5224C6A9F00C38B0E /* IDInfoViewController.h */,
				8FDAB8F3224C6A9F00C38B0E /* IDInfoViewController.m */,
				8FDAB8F0224C6A9E00C38B0E /* IDInfoViewController.xib */,
				8FDAB8F7224C6A9F00C38B0E /* LHSIDCardScaningView.h */,
				8FDAB8F8224C6A9F00C38B0E /* LHSIDCardScaningView.m */,
				8FDAB8FA224C6A9F00C38B0E /* RectManager.h */,
				8FDAB8F4224C6A9F00C38B0E /* RectManager.m */,
				8FDAB8FD224C6AA000C38B0E /* UIAlertController+Extend.h */,
				8FDAB8F2224C6A9E00C38B0E /* UIAlertController+Extend.m */,
				8FDAB8F9224C6A9F00C38B0E /* UIImage+Extend.h */,
				8FDAB8F6224C6A9F00C38B0E /* UIImage+Extend.m */,
			);
			path = "身份证扫描";
			sourceTree = "<group>";
		};
		8FDAB909224C6BBF00C38B0E /* libexidcard */ = {
			isa = PBXGroup;
			children = (
				8FDAB90A224C6BBF00C38B0E /* libexidcardios.a */,
				8FDAB90B224C6BBF00C38B0E /* dicts */,
				8FDAB90D224C6BBF00C38B0E /* commondef.h */,
				8FDAB90E224C6BBF00C38B0E /* excards.h */,
			);
			path = libexidcard;
			sourceTree = "<group>";
		};
		8FDAB90B224C6BBF00C38B0E /* dicts */ = {
			isa = PBXGroup;
			children = (
				8FDAB90C224C6BBF00C38B0E /* zocr0.lib */,
			);
			path = dicts;
			sourceTree = "<group>";
		};
		8FDAB911224C781000C38B0E /* 图片多选 */ = {
			isa = PBXGroup;
			children = (
				8FDAB915224C7C0000C38B0E /* WGImageItem.h */,
				8FDAB916224C7C0000C38B0E /* WGImageItem.m */,
				8FDAB912224C782E00C38B0E /* WGMoreImageVC.h */,
				8FDAB913224C782E00C38B0E /* WGMoreImageVC.m */,
			);
			name = "图片多选";
			sourceTree = "<group>";
		};
		8FDAB918224CBA5700C38B0E /* 图片任意裁剪 */ = {
			isa = PBXGroup;
			children = (
				8FDAB91A224CBA6A00C38B0E /* WGCropImageVC.h */,
				8FDAB91B224CBA6B00C38B0E /* WGCropImageVC.m */,
				8FDAB91C224CBA6B00C38B0E /* WGTackImgaeView.h */,
				8FDAB919224CBA6A00C38B0E /* WGTackImgaeView.m */,
			);
			path = "图片任意裁剪";
			sourceTree = "<group>";
		};
		8FF86A8921A6AB1000C95EA4 /* 控件 */ = {
			isa = PBXGroup;
			children = (
				8F91654D2255A2270061E6B5 /* 引导图 */,
				8F3878AC2254A2CD00F1A70B /* 动画 */,
				8FDAB918224CBA5700C38B0E /* 图片任意裁剪 */,
				8FDAB8EE224C637F00C38B0E /* 身份证扫描 */,
				8F972C89224B1E3300F03621 /* 标签 */,
				8F7F9B592243974B00661DDE /* 二维码 */,
				8FA8E37921B134E40099F088 /* Tabbar消息提醒 */,
				8FA8E37221B12F300099F088 /* 验证码输入 */,
				8FA8E36B21B12D770099F088 /* 购物车选择view */,
				8FA8E36421B12D650099F088 /* 透明导航栏 */,
				8FA8E35521B1130A0099F088 /* 桌面可拖动小窗口 */,
				8FA8E34121B0E7E70099F088 /* 打分 */,
				8FA8E32C21B0CBCF0099F088 /* 多级联动选择 */,
				8FA8E32121B0CAF80099F088 /* 搜索框 */,
				8FA8E31D21B0CAD20099F088 /* 多选择按钮视图 */,
				8F89AF8721A5542B00A811F9 /* 弹出选择视图 */,
				8F89AF8321A5504400A811F9 /* 版本更新提示 */,
				8F89AF7F21A54E9D00A811F9 /* 系统提示封装 */,
				8F89AF7221A54C2500A811F9 /* 时间选择控件 */,
			);
			path = "控件";
			sourceTree = "<group>";
		};
		8FF86A8A21A6AB2500C95EA4 /* 工具类 */ = {
			isa = PBXGroup;
			children = (
				8FA8E35121B110D60099F088 /* 防止多次移除监听 */,
				8FA8E33D21B0CE050099F088 /* label的frame */,
				8FA8E32821B0CB510099F088 /* 清除webview键盘工具栏 */,
				8F48463821AF77CA0064E21D /* FMDB封装 */,
				8F89438221AD469800666DD8 /* MBP封装 */,
				8F89437321AD25D600666DD8 /* AFN封装 */,
				8F8CE00421ABA502004B7D1D /* 渐变色 */,
				8FF86A9521A6B5C800C95EA4 /* imageTool */,
				8FF86A8B21A6AB8400C95EA4 /* 字符串tool */,
			);
			path = "工具类";
			sourceTree = "<group>";
		};
		8FF86A8B21A6AB8400C95EA4 /* 字符串tool */ = {
			isa = PBXGroup;
			children = (
				8FF86A8C21A6ABB800C95EA4 /* NSString+WGPinYin.h */,
				8FF86A8D21A6ABB800C95EA4 /* NSString+WGPinYin.m */,
				8FF86A8F21A6ACAD00C95EA4 /* WGPinYinModel.h */,
				8FF86A9021A6ACAD00C95EA4 /* WGPinYinModel.m */,
				8FF86A9221A6AD3C00C95EA4 /* NSString+WGExpand.h */,
				8FF86A9321A6AD3C00C95EA4 /* NSString+WGExpand.m */,
			);
			path = "字符串tool";
			sourceTree = "<group>";
		};
		8FF86A9521A6B5C800C95EA4 /* imageTool */ = {
			isa = PBXGroup;
			children = (
				8F8CE00821ABA598004B7D1D /* UIImage+WGExpand.h */,
				8F8CE00921ABA598004B7D1D /* UIImage+WGExpand.m */,
			);
			path = imageTool;
			sourceTree = "<group>";
		};
		E5749B412D2C3A2EEA7327CA /* Pods */ = {
			isa = PBXGroup;
			children = (
				3815F53DDDB3C7E3F5170AD8 /* Pods-iOSComponentProjrect.debug.xcconfig */,
				D6BBAACCB13A8FB9D8B6B9E1 /* Pods-iOSComponentProjrect.release.xcconfig */,
			);
			name = Pods;
			sourceTree = "<group>";
		};
/* End PBXGroup section */

/* Begin PBXNativeTarget section */
		8F89AF5821A54C1800A811F9 /* iOSComponentProjrect */ = {
			isa = PBXNativeTarget;
			buildConfigurationList = 8F89AF6F21A54C1900A811F9 /* Build configuration list for PBXNativeTarget "iOSComponentProjrect" */;
			buildPhases = (
				8F253F32A52BC358A06B8C28 /* [CP] Check Pods Manifest.lock */,
				8F89AF5521A54C1800A811F9 /* Sources */,
				8F89AF5621A54C1800A811F9 /* Frameworks */,
				8F89AF5721A54C1800A811F9 /* Resources */,
				70E7E8CB7921753CC7A617B4 /* [CP] Embed Pods Frameworks */,
				16AA927ACADE7DF6E26531C7 /* [CP] Copy Pods Resources */,
			);
			buildRules = (
			);
			dependencies = (
			);
			name = iOSComponentProjrect;
			productName = iOSComponentProjrect;
			productReference = 8F89AF5921A54C1800A811F9 /* iOSComponentProjrect.app */;
			productType = "com.apple.product-type.application";
		};
/* End PBXNativeTarget section */

/* Begin PBXProject section */
		8F89AF5121A54C1800A811F9 /* Project object */ = {
			isa = PBXProject;
			attributes = {
				CLASSPREFIX = WG;
				LastUpgradeCheck = 0940;
				ORGANIZATIONNAME = WG;
				TargetAttributes = {
					8F89AF5821A54C1800A811F9 = {
						CreatedOnToolsVersion = 9.4.1;
					};
				};
			};
			buildConfigurationList = 8F89AF5421A54C1800A811F9 /* Build configuration list for PBXProject "iOSComponentProjrect" */;
			compatibilityVersion = "Xcode 9.3";
			developmentRegion = en;
			hasScannedForEncodings = 0;
			knownRegions = (
				en,
				Base,
			);
			mainGroup = 8F89AF5021A54C1800A811F9;
			productRefGroup = 8F89AF5A21A54C1800A811F9 /* Products */;
			projectDirPath = "";
			projectRoot = "";
			targets = (
				8F89AF5821A54C1800A811F9 /* iOSComponentProjrect */,
			);
		};
/* End PBXProject section */

/* Begin PBXResourcesBuildPhase section */
		8F89AF5721A54C1800A811F9 /* Resources */ = {
			isa = PBXResourcesBuildPhase;
			buildActionMask = 2147483647;
			files = (
				8F48464821AFD0C70064E21D /* error@3x.png in Resources */,
				8F89AF6921A54C1900A811F9 /* LaunchScreen.storyboard in Resources */,
				8FA8E35F21B113470099F088 /* deleteFlowWindow.png in Resources */,
				8FDAB910224C6BBF00C38B0E /* zocr0.lib in Resources */,
				8FA8E33821B0CC0E0099F088 /* btn_check@2x.png in Resources */,
				8FA8E38121B136530099F088 /* 渐变色.md in Resources */,
				8FA8E33A21B0CC0E0099F088 /* btn_check@3x.png in Resources */,
				8F48463E21AFD0B80064E21D /* success@3x.png in Resources */,
				8F48464921AFD0C70064E21D /* error@2x.png in Resources */,
				8F138A5A223B3E9600D04D18 /* 导航栏渐变.md in Resources */,
				8F48464321AFD0C00064E21D /* info.png in Resources */,
				8F48463D21AFD0B80064E21D /* success.png in Resources */,
				8F89AF6621A54C1900A811F9 /* Assets.xcassets in Resources */,
				8FA8E34E21B0E8020099F088 /* foregroundStar.png in Resources */,
				8F48464421AFD0C00064E21D /* info@3x.png in Resources */,
				8FA8E38721B13B110099F088 /* 消息提醒.md in Resources */,
				8F48464221AFD0C00064E21D /* info@2x.png in Resources */,
				8F48463C21AFD0B80064E21D /* success@2x.png in Resources */,
				8FDAB8FE224C6AA000C38B0E /* IDInfoViewController.xib in Resources */,
				8FA8E38521B137D20099F088 /* 验证码输入.md in Resources */,
				8F89AF7D21A54C8600A811F9 /* WGDatePickerView.xib in Resources */,
				8FA8E38321B1370B0099F088 /* MBP.md in Resources */,
				8FA8E34D21B0E8020099F088 /* backgroundStar.png in Resources */,
				8F48464A21AFD0C70064E21D /* error.png in Resources */,
				8F89AF6421A54C1800A811F9 /* Main.storyboard in Resources */,
			);
			runOnlyForDeploymentPostprocessing = 0;
		};
/* End PBXResourcesBuildPhase section */

/* Begin PBXShellScriptBuildPhase section */
		16AA927ACADE7DF6E26531C7 /* [CP] Copy Pods Resources */ = {
			isa = PBXShellScriptBuildPhase;
			buildActionMask = 2147483647;
			files = (
			);
			inputPaths = (
				"${SRCROOT}/Pods/Target Support Files/Pods-iOSComponentProjrect/Pods-iOSComponentProjrect-resources.sh",
				"${PODS_ROOT}/TZImagePickerController/TZImagePickerController/TZImagePickerController/TZImagePickerController.bundle",
				"${PODS_ROOT}/YBImageBrowser/YBImageBrowser/YBImageBrowser.bundle",
			);
			name = "[CP] Copy Pods Resources";
			outputPaths = (
				"${TARGET_BUILD_DIR}/${UNLOCALIZED_RESOURCES_FOLDER_PATH}/TZImagePickerController.bundle",
				"${TARGET_BUILD_DIR}/${UNLOCALIZED_RESOURCES_FOLDER_PATH}/YBImageBrowser.bundle",
			);
			runOnlyForDeploymentPostprocessing = 0;
			shellPath = /bin/sh;
			shellScript = "\"${SRCROOT}/Pods/Target Support Files/Pods-iOSComponentProjrect/Pods-iOSComponentProjrect-resources.sh\"\n";
			showEnvVarsInLog = 0;
		};
		70E7E8CB7921753CC7A617B4 /* [CP] Embed Pods Frameworks */ = {
			isa = PBXShellScriptBuildPhase;
			buildActionMask = 2147483647;
			files = (
			);
			inputPaths = (
			);
			name = "[CP] Embed Pods Frameworks";
			outputPaths = (
			);
			runOnlyForDeploymentPostprocessing = 0;
			shellPath = /bin/sh;
			shellScript = "\"${SRCROOT}/Pods/Target Support Files/Pods-iOSComponentProjrect/Pods-iOSComponentProjrect-frameworks.sh\"\n";
			showEnvVarsInLog = 0;
		};
		8F253F32A52BC358A06B8C28 /* [CP] Check Pods Manifest.lock */ = {
			isa = PBXShellScriptBuildPhase;
			buildActionMask = 2147483647;
			files = (
			);
			inputPaths = (
				"${PODS_PODFILE_DIR_PATH}/Podfile.lock",
				"${PODS_ROOT}/Manifest.lock",
			);
			name = "[CP] Check Pods Manifest.lock";
			outputPaths = (
				"$(DERIVED_FILE_DIR)/Pods-iOSComponentProjrect-checkManifestLockResult.txt",
			);
			runOnlyForDeploymentPostprocessing = 0;
			shellPath = /bin/sh;
			shellScript = "diff \"${PODS_PODFILE_DIR_PATH}/Podfile.lock\" \"${PODS_ROOT}/Manifest.lock\" > /dev/null\nif [ $? != 0 ] ; then\n    # print error to STDERR\n    echo \"error: The sandbox is not in sync with the Podfile.lock. Run 'pod install' or update your CocoaPods installation.\" >&2\n    exit 1\nfi\n# This output is used by Xcode 'outputs' to avoid re-running this script phase.\necho \"SUCCESS\" > \"${SCRIPT_OUTPUT_FILE_0}\"\n";
			showEnvVarsInLog = 0;
		};
/* End PBXShellScriptBuildPhase section */

/* Begin PBXSourcesBuildPhase section */
		8F89AF5521A54C1800A811F9 /* Sources */ = {
			isa = PBXSourcesBuildPhase;
			buildActionMask = 2147483647;
			files = (
				8FA8E33921B0CC0E0099F088 /* AreaSelectionView.m in Sources */,
				8F3878AF2254A2FA00F1A70B /* UIView+WGAnimation.m in Sources */,
				8F89AF7B21A54C8600A811F9 /* UIView+Extension.m in Sources */,
				8F91E6B3224E1BDC0034E8BE /* WGImageCroppingVC.m in Sources */,
				8FA8E32621B0CB0E0099F088 /* WGSearchBarView.m in Sources */,
				8F972C96224B20AD00F03621 /* WGTagButtonVC.m in Sources */,
				8FA8E36121B113470099F088 /* XHDraggableButton.m in Sources */,
				8F8CE00D21ABEC17004B7D1D /* WGGradientLabel.m in Sources */,
				8F9165502255A2480061E6B5 /* WGGuideView.m in Sources */,
				8F7F9B5F2243976400661DDE /* WGNativeScanTool.m in Sources */,
				8FA8E35021B0E8020099F088 /* SYStarRatingView.m in Sources */,
				8FA8E32021B0CAF00099F088 /* IMHTopSegmetControl.m in Sources */,
				8FA8E37121B12D770099F088 /* ChooseView.m in Sources */,
				8F89AF6121A54C1800A811F9 /* ViewController.m in Sources */,
				8FA8E33C21B0CC0E0099F088 /* WGAddressModel.m in Sources */,
				8FDAB904224C6AA000C38B0E /* LHSIDCardScaningView.m in Sources */,
				8FA8E32721B0CB0E0099F088 /* WGSearchBar.m in Sources */,
				8FA8E34B21B0E8020099F088 /* UIImage+Tint.m in Sources */,
				8FDAB900224C6AA000C38B0E /* UIAlertController+Extend.m in Sources */,
				8F972C88224B17C000F03621 /* WGTabbar.m in Sources */,
				8FDAB917224C7C0000C38B0E /* WGImageItem.m in Sources */,
				8F972C9C224B68E500F03621 /* WGNavSearchBar.m in Sources */,
				8F89AF8221A54F3500A811F9 /* WGPromptBoxView.m in Sources */,
				8F972C92224B1EFB00F03621 /* WGTagView.m in Sources */,
				8FA8E37F21B1351E0099F088 /* UITabBar+Badge.m in Sources */,
				8F972C8C224B1E5F00F03621 /* WGTag.m in Sources */,
				8F94A7E92251E4F60056142A /* WGSeePhotosVC.m in Sources */,
				8FA8E37021B12D770099F088 /* ChooseRank.m in Sources */,
				8F972C85224B174B00F03621 /* UIViewController+BaseViewController.m in Sources */,
				8F8CE00721ABA51E004B7D1D /* UIImage+GradientColor.m in Sources */,
				8FA8E32B21B0CB940099F088 /* WGEraseToolbar.m in Sources */,
				8FA8E36921B12D650099F088 /* UIViewController+NavBarHidden.m in Sources */,
				8F4F071C224A0B2400F1B3FE /* WGScanViewController.m in Sources */,
				8FF86A9421A6AD3C00C95EA4 /* NSString+WGExpand.m in Sources */,
				8FDAB914224C782E00C38B0E /* WGMoreImageVC.m in Sources */,
				8FA8E36021B113470099F088 /* XHFloatWindow.m in Sources */,
				8F7F9B5E2243976400661DDE /* WGScanView.m in Sources */,
				8F89AF7C21A54C8600A811F9 /* NSDate+Extension.m in Sources */,
				8F89AF6C21A54C1900A811F9 /* main.m in Sources */,
				8F8CE00A21ABA598004B7D1D /* UIImage+WGExpand.m in Sources */,
				8F89AF7A21A54C8600A811F9 /* WGDatePickerView.m in Sources */,
				8FA8E36A21B12D650099F088 /* HYViewController.m in Sources */,
				8FDAB903224C6AA000C38B0E /* UIImage+Extend.m in Sources */,
				8FDAB8FF224C6AA000C38B0E /* AVCaptureViewController.m in Sources */,
				8F972C82224B16C100F03621 /* WGOtherViewController.m in Sources */,
				8FDAB908224C6B5D00C38B0E /* WGIdentificationVC.m in Sources */,
				8F48463721AF748A0064E21D /* IMHAFttpTool.m in Sources */,
				8FDAB91D224CBA6B00C38B0E /* WGTackImgaeView.m in Sources */,
				8FA8E33721B0CC0E0099F088 /* WGAddressTableViewcell.m in Sources */,
				8FA8E36321B113470099F088 /* XHFloatWindowSingleton.m in Sources */,
				8F48463421AF72000064E21D /* WGDataBaseTool.m in Sources */,
				8FDAB901224C6AA000C38B0E /* IDInfoViewController.m in Sources */,
				8FF86A9121A6ACAD00C95EA4 /* WGPinYinModel.m in Sources */,
				8F972C99224B650200F03621 /* WGSearchController.m in Sources */,
				8FA8E35421B110FA0099F088 /* NSObject+WGRemoveKVO.m in Sources */,
				8F89438521AD46B700666DD8 /* MBProgressHUD+WG.m in Sources */,
				8FC4A2722248CEFF00BAD4F5 /* WGPasswordVerificationCodeVC.m in Sources */,
				8F89AF8D21A554E600A811F9 /* WGOutPutView.m in Sources */,
				8F972C8F224B1EB400F03621 /* WGTagButton.m in Sources */,
				8FA8E37821B12F4D0099F088 /* UIView+MQ.m in Sources */,
				8FA8E37E21B1351E0099F088 /* BadgeView.m in Sources */,
				8FA8E36221B113470099F088 /* XHFloatWindowController.m in Sources */,
				8F89AF5E21A54C1800A811F9 /* AppDelegate.m in Sources */,
				8FDAB91E224CBA6B00C38B0E /* WGCropImageVC.m in Sources */,
				8FA8E33B21B0CC0E0099F088 /* WGAddressBtnView.m in Sources */,
				8FC4A26E2248CE7B00BAD4F5 /* WGQrCodeViewController.m in Sources */,
				8FF86A8E21A6ABB800C95EA4 /* NSString+WGPinYin.m in Sources */,
				8FDAB902224C6AA000C38B0E /* RectManager.m in Sources */,
				8FC4A26A2248CDFC00BAD4F5 /* WGScoreViewController.m in Sources */,
				8FDAB905224C6AA000C38B0E /* IDInfo.m in Sources */,
				8FA8E34021B0CE5D0099F088 /* NSString+WGFrame.m in Sources */,
				8F89AF8621A5507A00A811F9 /* UIViewController+Update.m in Sources */,
				8FA8E37721B12F4D0099F088 /* WGVerCodeInputView.m in Sources */,
			);
			runOnlyForDeploymentPostprocessing = 0;
		};
/* End PBXSourcesBuildPhase section */

/* Begin PBXVariantGroup section */
		8F89AF6221A54C1800A811F9 /* Main.storyboard */ = {
			isa = PBXVariantGroup;
			children = (
				8F89AF6321A54C1800A811F9 /* Base */,
			);
			name = Main.storyboard;
			sourceTree = "<group>";
		};
		8F89AF6721A54C1900A811F9 /* LaunchScreen.storyboard */ = {
			isa = PBXVariantGroup;
			children = (
				8F89AF6821A54C1900A811F9 /* Base */,
			);
			name = LaunchScreen.storyboard;
			sourceTree = "<group>";
		};
/* End PBXVariantGroup section */

/* Begin XCBuildConfiguration section */
		8F89AF6D21A54C1900A811F9 /* Debug */ = {
			isa = XCBuildConfiguration;
			buildSettings = {
				ALWAYS_SEARCH_USER_PATHS = NO;
				CLANG_ANALYZER_NONNULL = YES;
				CLANG_ANALYZER_NUMBER_OBJECT_CONVERSION = YES_AGGRESSIVE;
				CLANG_CXX_LANGUAGE_STANDARD = "gnu++14";
				CLANG_CXX_LIBRARY = "libc++";
				CLANG_ENABLE_MODULES = YES;
				CLANG_ENABLE_OBJC_ARC = YES;
				CLANG_ENABLE_OBJC_WEAK = YES;
				CLANG_WARN_BLOCK_CAPTURE_AUTORELEASING = YES;
				CLANG_WARN_BOOL_CONVERSION = YES;
				CLANG_WARN_COMMA = YES;
				CLANG_WARN_CONSTANT_CONVERSION = YES;
				CLANG_WARN_DEPRECATED_OBJC_IMPLEMENTATIONS = YES;
				CLANG_WARN_DIRECT_OBJC_ISA_USAGE = YES_ERROR;
				CLANG_WARN_DOCUMENTATION_COMMENTS = YES;
				CLANG_WARN_EMPTY_BODY = YES;
				CLANG_WARN_ENUM_CONVERSION = YES;
				CLANG_WARN_INFINITE_RECURSION = YES;
				CLANG_WARN_INT_CONVERSION = YES;
				CLANG_WARN_NON_LITERAL_NULL_CONVERSION = YES;
				CLANG_WARN_OBJC_IMPLICIT_RETAIN_SELF = YES;
				CLANG_WARN_OBJC_LITERAL_CONVERSION = YES;
				CLANG_WARN_OBJC_ROOT_CLASS = YES_ERROR;
				CLANG_WARN_RANGE_LOOP_ANALYSIS = YES;
				CLANG_WARN_STRICT_PROTOTYPES = YES;
				CLANG_WARN_SUSPICIOUS_MOVE = YES;
				CLANG_WARN_UNGUARDED_AVAILABILITY = YES_AGGRESSIVE;
				CLANG_WARN_UNREACHABLE_CODE = YES;
				CLANG_WARN__DUPLICATE_METHOD_MATCH = YES;
				CODE_SIGN_IDENTITY = "iPhone Developer";
				COPY_PHASE_STRIP = NO;
				DEBUG_INFORMATION_FORMAT = dwarf;
				ENABLE_STRICT_OBJC_MSGSEND = YES;
				ENABLE_TESTABILITY = YES;
				GCC_C_LANGUAGE_STANDARD = gnu11;
				GCC_DYNAMIC_NO_PIC = NO;
				GCC_NO_COMMON_BLOCKS = YES;
				GCC_OPTIMIZATION_LEVEL = 0;
				GCC_PREPROCESSOR_DEFINITIONS = (
					"DEBUG=1",
					"$(inherited)",
				);
				GCC_WARN_64_TO_32_BIT_CONVERSION = YES;
				GCC_WARN_ABOUT_RETURN_TYPE = YES_ERROR;
				GCC_WARN_UNDECLARED_SELECTOR = YES;
				GCC_WARN_UNINITIALIZED_AUTOS = YES_AGGRESSIVE;
				GCC_WARN_UNUSED_FUNCTION = YES;
				GCC_WARN_UNUSED_VARIABLE = YES;
				IPHONEOS_DEPLOYMENT_TARGET = 11.4;
				MTL_ENABLE_DEBUG_INFO = YES;
				ONLY_ACTIVE_ARCH = YES;
				SDKROOT = iphoneos;
			};
			name = Debug;
		};
		8F89AF6E21A54C1900A811F9 /* Release */ = {
			isa = XCBuildConfiguration;
			buildSettings = {
				ALWAYS_SEARCH_USER_PATHS = NO;
				CLANG_ANALYZER_NONNULL = YES;
				CLANG_ANALYZER_NUMBER_OBJECT_CONVERSION = YES_AGGRESSIVE;
				CLANG_CXX_LANGUAGE_STANDARD = "gnu++14";
				CLANG_CXX_LIBRARY = "libc++";
				CLANG_ENABLE_MODULES = YES;
				CLANG_ENABLE_OBJC_ARC = YES;
				CLANG_ENABLE_OBJC_WEAK = YES;
				CLANG_WARN_BLOCK_CAPTURE_AUTORELEASING = YES;
				CLANG_WARN_BOOL_CONVERSION = YES;
				CLANG_WARN_COMMA = YES;
				CLANG_WARN_CONSTANT_CONVERSION = YES;
				CLANG_WARN_DEPRECATED_OBJC_IMPLEMENTATIONS = YES;
				CLANG_WARN_DIRECT_OBJC_ISA_USAGE = YES_ERROR;
				CLANG_WARN_DOCUMENTATION_COMMENTS = YES;
				CLANG_WARN_EMPTY_BODY = YES;
				CLANG_WARN_ENUM_CONVERSION = YES;
				CLANG_WARN_INFINITE_RECURSION = YES;
				CLANG_WARN_INT_CONVERSION = YES;
				CLANG_WARN_NON_LITERAL_NULL_CONVERSION = YES;
				CLANG_WARN_OBJC_IMPLICIT_RETAIN_SELF = YES;
				CLANG_WARN_OBJC_LITERAL_CONVERSION = YES;
				CLANG_WARN_OBJC_ROOT_CLASS = YES_ERROR;
				CLANG_WARN_RANGE_LOOP_ANALYSIS = YES;
				CLANG_WARN_STRICT_PROTOTYPES = YES;
				CLANG_WARN_SUSPICIOUS_MOVE = YES;
				CLANG_WARN_UNGUARDED_AVAILABILITY = YES_AGGRESSIVE;
				CLANG_WARN_UNREACHABLE_CODE = YES;
				CLANG_WARN__DUPLICATE_METHOD_MATCH = YES;
				CODE_SIGN_IDENTITY = "iPhone Developer";
				COPY_PHASE_STRIP = NO;
				DEBUG_INFORMATION_FORMAT = "dwarf-with-dsym";
				ENABLE_NS_ASSERTIONS = NO;
				ENABLE_STRICT_OBJC_MSGSEND = YES;
				GCC_C_LANGUAGE_STANDARD = gnu11;
				GCC_NO_COMMON_BLOCKS = YES;
				GCC_WARN_64_TO_32_BIT_CONVERSION = YES;
				GCC_WARN_ABOUT_RETURN_TYPE = YES_ERROR;
				GCC_WARN_UNDECLARED_SELECTOR = YES;
				GCC_WARN_UNINITIALIZED_AUTOS = YES_AGGRESSIVE;
				GCC_WARN_UNUSED_FUNCTION = YES;
				GCC_WARN_UNUSED_VARIABLE = YES;
				IPHONEOS_DEPLOYMENT_TARGET = 11.4;
				MTL_ENABLE_DEBUG_INFO = NO;
				SDKROOT = iphoneos;
				VALIDATE_PRODUCT = YES;
			};
			name = Release;
		};
		8F89AF7021A54C1900A811F9 /* Debug */ = {
			isa = XCBuildConfiguration;
			baseConfigurationReference = 3815F53DDDB3C7E3F5170AD8 /* Pods-iOSComponentProjrect.debug.xcconfig */;
			buildSettings = {
				ASSETCATALOG_COMPILER_APPICON_NAME = AppIcon;
				CODE_SIGN_STYLE = Automatic;
				DEVELOPMENT_TEAM = VZ9UW9QSRK;
				ENABLE_BITCODE = NO;
				GCC_PREFIX_HEADER = "${SRCROOT}/iOSComponentProjrect/PrefixHeader.pch";
				INFOPLIST_FILE = iOSComponentProjrect/Info.plist;
				IPHONEOS_DEPLOYMENT_TARGET = 9.0;
				LD_RUNPATH_SEARCH_PATHS = (
					"$(inherited)",
					"@executable_path/Frameworks",
				);
				LIBRARY_SEARCH_PATHS = (
					"$(inherited)",
					"$(PROJECT_DIR)/iOSComponentProjrect/控件/身份证扫描/libexidcard",
				);
				PRODUCT_BUNDLE_IDENTIFIER = com.xinyihua.iOSComponentProjrect;
				PRODUCT_NAME = "$(TARGET_NAME)";
				TARGETED_DEVICE_FAMILY = "1,2";
			};
			name = Debug;
		};
		8F89AF7121A54C1900A811F9 /* Release */ = {
			isa = XCBuildConfiguration;
			baseConfigurationReference = D6BBAACCB13A8FB9D8B6B9E1 /* Pods-iOSComponentProjrect.release.xcconfig */;
			buildSettings = {
				ASSETCATALOG_COMPILER_APPICON_NAME = AppIcon;
				CODE_SIGN_STYLE = Automatic;
				DEVELOPMENT_TEAM = VZ9UW9QSRK;
				ENABLE_BITCODE = NO;
				GCC_PREFIX_HEADER = "${SRCROOT}/iOSComponentProjrect/PrefixHeader.pch";
				INFOPLIST_FILE = iOSComponentProjrect/Info.plist;
				IPHONEOS_DEPLOYMENT_TARGET = 9.0;
				LD_RUNPATH_SEARCH_PATHS = (
					"$(inherited)",
					"@executable_path/Frameworks",
				);
				LIBRARY_SEARCH_PATHS = (
					"$(inherited)",
					"$(PROJECT_DIR)/iOSComponentProjrect/控件/身份证扫描/libexidcard",
				);
				PRODUCT_BUNDLE_IDENTIFIER = com.xinyihua.iOSComponentProjrect;
				PRODUCT_NAME = "$(TARGET_NAME)";
				TARGETED_DEVICE_FAMILY = "1,2";
			};
			name = Release;
		};
/* End XCBuildConfiguration section */

/* Begin XCConfigurationList section */
		8F89AF5421A54C1800A811F9 /* Build configuration list for PBXProject "iOSComponentProjrect" */ = {
			isa = XCConfigurationList;
			buildConfigurations = (
				8F89AF6D21A54C1900A811F9 /* Debug */,
				8F89AF6E21A54C1900A811F9 /* Release */,
			);
			defaultConfigurationIsVisible = 0;
			defaultConfigurationName = Release;
		};
		8F89AF6F21A54C1900A811F9 /* Build configuration list for PBXNativeTarget "iOSComponentProjrect" */ = {
			isa = XCConfigurationList;
			buildConfigurations = (
				8F89AF7021A54C1900A811F9 /* Debug */,
				8F89AF7121A54C1900A811F9 /* Release */,
			);
			defaultConfigurationIsVisible = 0;
			defaultConfigurationName = Release;
		};
/* End XCConfigurationList section */
	};
	rootObject = 8F89AF5121A54C1800A811F9 /* Project object */;
}
